
Microsoft Visual Studio Solution File, Format Version 12.00
# Visual Studio Version 17
Project("{8BC9CEB8-8B4A-11D0-8D11-00A0C91BC942}") = "ALL_BUILD", "ALL_BUILD.vcxproj", "{0784964E-94E2-3D53-A795-9C171FC82A2A}"
	ProjectSection(ProjectDependencies) = postProject
		{127A57FB-5FE0-3E95-88E7-8FD95738A886} = {127A57FB-5FE0-3E95-88E7-8FD95738A886}
		{33B160BF-2B87-3E75-928E-A2E4B4B317DA} = {33B160BF-2B87-3E75-928E-A2E4B4B317DA}
	EndProjectSection
EndProject
Project("{8BC9CEB8-8B4A-11D0-8D11-00A0C91BC942}") = "PACKAGE", "PACKAGE.vcxproj", "{B11CAA45-6F48-3F49-BEC0-E4108AB797A3}"
	ProjectSection(ProjectDependencies) = postProject
		{0784964E-94E2-3D53-A795-9C171FC82A2A} = {0784964E-94E2-3D53-A795-9C171FC82A2A}
		{127A57FB-5FE0-3E95-88E7-8FD95738A886} = {127A57FB-5FE0-3E95-88E7-8FD95738A886}
	EndProjectSection
EndProject
Project("{8BC9CEB8-8B4A-11D0-8D11-00A0C91BC942}") = "RUN_TESTS", "RUN_TESTS.vcxproj", "{F5F13BAD-7845-38EB-8814-11441EF4D7A3}"
	ProjectSection(ProjectDependencies) = postProject
		{127A57FB-5FE0-3E95-88E7-8FD95738A886} = {127A57FB-5FE0-3E95-88E7-8FD95738A886}
	EndProjectSection
EndProject
Project("{8BC9CEB8-8B4A-11D0-8D11-00A0C91BC942}") = "ZERO_CHECK", "..\ZERO_CHECK.vcxproj", "{127A57FB-5FE0-3E95-88E7-8FD95738A886}"
	ProjectSection(ProjectDependencies) = postProject
	EndProjectSection
EndProject
Project("{8BC9CEB8-8B4A-11D0-8D11-00A0C91BC942}") = "linux-hv-hloop", "linux-hv-hloop.vcxproj", "{33B160BF-2B87-3E75-928E-A2E4B4B317DA}"
	ProjectSection(ProjectDependencies) = postProject
		{127A57FB-5FE0-3E95-88E7-8FD95738A886} = {127A57FB-5FE0-3E95-88E7-8FD95738A886}
	EndProjectSection
EndProject
Global
	GlobalSection(SolutionConfigurationPlatforms) = preSolution
		Debug|x64 = Debug|x64
		Release|x64 = Release|x64
		MinSizeRel|x64 = MinSizeRel|x64
		RelWithDebInfo|x64 = RelWithDebInfo|x64
	EndGlobalSection
	GlobalSection(ProjectConfigurationPlatforms) = postSolution
		{0784964E-94E2-3D53-A795-9C171FC82A2A}.Debug|x64.ActiveCfg = Debug|x64
		{0784964E-94E2-3D53-A795-9C171FC82A2A}.Debug|x64.Build.0 = Debug|x64
		{0784964E-94E2-3D53-A795-9C171FC82A2A}.Release|x64.ActiveCfg = Release|x64
		{0784964E-94E2-3D53-A795-9C171FC82A2A}.Release|x64.Build.0 = Release|x64
		{0784964E-94E2-3D53-A795-9C171FC82A2A}.MinSizeRel|x64.ActiveCfg = MinSizeRel|x64
		{0784964E-94E2-3D53-A795-9C171FC82A2A}.MinSizeRel|x64.Build.0 = MinSizeRel|x64
		{0784964E-94E2-3D53-A795-9C171FC82A2A}.RelWithDebInfo|x64.ActiveCfg = RelWithDebInfo|x64
		{0784964E-94E2-3D53-A795-9C171FC82A2A}.RelWithDebInfo|x64.Build.0 = RelWithDebInfo|x64
		{B11CAA45-6F48-3F49-BEC0-E4108AB797A3}.Debug|x64.ActiveCfg = Debug|x64
		{B11CAA45-6F48-3F49-BEC0-E4108AB797A3}.Release|x64.ActiveCfg = Release|x64
		{B11CAA45-6F48-3F49-BEC0-E4108AB797A3}.MinSizeRel|x64.ActiveCfg = MinSizeRel|x64
		{B11CAA45-6F48-3F49-BEC0-E4108AB797A3}.RelWithDebInfo|x64.ActiveCfg = RelWithDebInfo|x64
		{F5F13BAD-7845-38EB-8814-11441EF4D7A3}.Debug|x64.ActiveCfg = Debug|x64
		{F5F13BAD-7845-38EB-8814-11441EF4D7A3}.Release|x64.ActiveCfg = Release|x64
		{F5F13BAD-7845-38EB-8814-11441EF4D7A3}.MinSizeRel|x64.ActiveCfg = MinSizeRel|x64
		{F5F13BAD-7845-38EB-8814-11441EF4D7A3}.RelWithDebInfo|x64.ActiveCfg = RelWithDebInfo|x64
		{127A57FB-5FE0-3E95-88E7-8FD95738A886}.Debug|x64.ActiveCfg = Debug|x64
		{127A57FB-5FE0-3E95-88E7-8FD95738A886}.Debug|x64.Build.0 = Debug|x64
		{127A57FB-5FE0-3E95-88E7-8FD95738A886}.Release|x64.ActiveCfg = Release|x64
		{127A57FB-5FE0-3E95-88E7-8FD95738A886}.Release|x64.Build.0 = Release|x64
		{127A57FB-5FE0-3E95-88E7-8FD95738A886}.MinSizeRel|x64.ActiveCfg = MinSizeRel|x64
		{127A57FB-5FE0-3E95-88E7-8FD95738A886}.MinSizeRel|x64.Build.0 = MinSizeRel|x64
		{127A57FB-5FE0-3E95-88E7-8FD95738A886}.RelWithDebInfo|x64.ActiveCfg = RelWithDebInfo|x64
		{127A57FB-5FE0-3E95-88E7-8FD95738A886}.RelWithDebInfo|x64.Build.0 = RelWithDebInfo|x64
		{33B160BF-2B87-3E75-928E-A2E4B4B317DA}.Debug|x64.ActiveCfg = Debug|x64
		{33B160BF-2B87-3E75-928E-A2E4B4B317DA}.Debug|x64.Build.0 = Debug|x64
		{33B160BF-2B87-3E75-928E-A2E4B4B317DA}.Release|x64.ActiveCfg = Release|x64
		{33B160BF-2B87-3E75-928E-A2E4B4B317DA}.Release|x64.Build.0 = Release|x64
		{33B160BF-2B87-3E75-928E-A2E4B4B317DA}.MinSizeRel|x64.ActiveCfg = MinSizeRel|x64
		{33B160BF-2B87-3E75-928E-A2E4B4B317DA}.MinSizeRel|x64.Build.0 = MinSizeRel|x64
		{33B160BF-2B87-3E75-928E-A2E4B4B317DA}.RelWithDebInfo|x64.ActiveCfg = RelWithDebInfo|x64
		{33B160BF-2B87-3E75-928E-A2E4B4B317DA}.RelWithDebInfo|x64.Build.0 = RelWithDebInfo|x64
	EndGlobalSection
	GlobalSection(ExtensibilityGlobals) = postSolution
		SolutionGuid = {151B455D-8F30-3D9A-9AC8-4A6158972E5D}
	EndGlobalSection
	GlobalSection(ExtensibilityAddIns) = postSolution
	EndGlobalSection
EndGlobal
