<?xml version="1.0" encoding="UTF-8"?>
<Solution>
	<Configurations>
		<BuildType Name="Debug"/>
		<BuildType Name="Release"/>
		<BuildType Name="MinSizeRel"/>
		<BuildType Name="RelWithDebInfo"/>
		<Platform Name="x64"/>
	</Configurations>
	<Project Path="ALL_BUILD.vcxproj" Type="8bc9ceb8-8b4a-11d0-8d11-00a0c91bc942" Id="44edc425-45f5-3185-bb37-83401083afad" DefaultStartup="true">
		<BuildDependency Project="../../ZERO_CHECK.vcxproj"/>
		<BuildDependency Project="posix-sockets.vcxproj"/>
		<BuildDependency Project="posix-sys-uio_build/posix-sys-uio.vcxproj"/>
	</Project>
	<Project Path="PACKAGE.vcxproj" Type="8bc9ceb8-8b4a-11d0-8d11-00a0c91bc942" Id="c17e18c0-5e37-3bd3-8d7d-5722f6813199">
		<BuildDependency Project="ALL_BUILD.vcxproj"/>
		<BuildDependency Project="../../ZERO_CHECK.vcxproj"/>
		<Build Solution="Debug|*" Project="false"/>
		<Build Solution="Release|*" Project="false"/>
		<Build Solution="MinSizeRel|*" Project="false"/>
		<Build Solution="RelWithDebInfo|*" Project="false"/>
	</Project>
	<Project Path="RUN_TESTS.vcxproj" Type="8bc9ceb8-8b4a-11d0-8d11-00a0c91bc942" Id="533c2708-cb2a-32e2-a0f5-9bc6ca6dc509">
		<BuildDependency Project="../../ZERO_CHECK.vcxproj"/>
		<Build Solution="Debug|*" Project="false"/>
		<Build Solution="Release|*" Project="false"/>
		<Build Solution="MinSizeRel|*" Project="false"/>
		<Build Solution="RelWithDebInfo|*" Project="false"/>
	</Project>
	<Project Path="../../ZERO_CHECK.vcxproj" Type="8bc9ceb8-8b4a-11d0-8d11-00a0c91bc942" Id="e3f1aa7a-4047-33c7-9f73-af4c39079591"/>
	<Project Path="posix-poll_build/posix-poll.vcxproj" Type="8bc9ceb8-8b4a-11d0-8d11-00a0c91bc942" Id="33d4daae-e370-394c-9643-a24616ccf55b">
		<BuildDependency Project="../../ZERO_CHECK.vcxproj"/>
	</Project>
	<Project Path="posix-sockets.vcxproj" Type="8bc9ceb8-8b4a-11d0-8d11-00a0c91bc942" Id="efec8502-ef0c-3304-a61b-5d08590a30d6">
		<BuildDependency Project="../../ZERO_CHECK.vcxproj"/>
		<BuildDependency Project="posix-poll_build/posix-poll.vcxproj"/>
		<BuildDependency Project="posix-sys-ioctl_build/posix-sys-ioctl.vcxproj"/>
		<BuildDependency Project="posix-sys-uio_build/posix-sys-uio.vcxproj"/>
	</Project>
	<Project Path="posix-sys-ioctl_build/posix-sys-ioctl.vcxproj" Type="8bc9ceb8-8b4a-11d0-8d11-00a0c91bc942" Id="e58d8180-ccc9-3a2e-aded-8a697b52f84f">
		<BuildDependency Project="../../ZERO_CHECK.vcxproj"/>
	</Project>
	<Project Path="posix-sys-uio_build/posix-sys-uio.vcxproj" Type="8bc9ceb8-8b4a-11d0-8d11-00a0c91bc942" Id="ebb4dd71-4e03-3285-be5f-d17457364210">
		<BuildDependency Project="../../ZERO_CHECK.vcxproj"/>
	</Project>
</Solution>
