<?xml version="1.0" encoding="utf-8"?>
<Project ToolsVersion="18.0" xmlns="http://schemas.microsoft.com/developer/msbuild/2003">
  <ItemGroup>
    <CustomBuild Include="C:\Users\samue\repos\auto-win-msvc\build_msvc2026_static_system\CMakeFiles\d1be5565623cf60d44b766b5b7c56a0b\RUN_TESTS_force.rule">
      <Filter>CMake Rules</Filter>
    </CustomBuild>
  </ItemGroup>
  <ItemGroup>
    <Filter Include="CMake Rules">
      <UniqueIdentifier>{10A4F723-E440-38C4-B11F-D821399D0279}</UniqueIdentifier>
    </Filter>
  </ItemGroup>
</Project>
