
Microsoft Visual Studio Solution File, Format Version 12.00
# Visual Studio Version 17
Project("{8BC9CEB8-8B4A-11D0-8D11-00A0C91BC942}") = "ALL_BUILD", "ALL_BUILD.vcxproj", "{0784964E-94E2-3D53-A795-9C171FC82A2A}"
	ProjectSection(ProjectDependencies) = postProject
		{127A57FB-5FE0-3E95-88E7-8FD95738A886} = {127A57FB-5FE0-3E95-88E7-8FD95738A886}
		{0A2AB39A-B575-3729-A033-17983DD53DF9} = {0A2AB39A-B575-3729-A033-17983DD53DF9}
		{7999747A-C5E7-389D-A2C6-B02309908EB4} = {7999747A-C5E7-389D-A2C6-B02309908EB4}
	EndProjectSection
EndProject
Project("{8BC9CEB8-8B4A-11D0-8D11-00A0C91BC942}") = "PACKAGE", "PACKAGE.vcxproj", "{B11CAA45-6F48-3F49-BEC0-E4108AB797A3}"
	ProjectSection(ProjectDependencies) = postProject
		{0784964E-94E2-3D53-A795-9C171FC82A2A} = {0784964E-94E2-3D53-A795-9C171FC82A2A}
		{127A57FB-5FE0-3E95-88E7-8FD95738A886} = {127A57FB-5FE0-3E95-88E7-8FD95738A886}
	EndProjectSection
EndProject
Project("{8BC9CEB8-8B4A-11D0-8D11-00A0C91BC942}") = "RUN_TESTS", "RUN_TESTS.vcxproj", "{F5F13BAD-7845-38EB-8814-11441EF4D7A3}"
	ProjectSection(ProjectDependencies) = postProject
		{127A57FB-5FE0-3E95-88E7-8FD95738A886} = {127A57FB-5FE0-3E95-88E7-8FD95738A886}
	EndProjectSection
EndProject
Project("{8BC9CEB8-8B4A-11D0-8D11-00A0C91BC942}") = "ZERO_CHECK", "..\ZERO_CHECK.vcxproj", "{127A57FB-5FE0-3E95-88E7-8FD95738A886}"
	ProjectSection(ProjectDependencies) = postProject
	EndProjectSection
EndProject
Project("{8BC9CEB8-8B4A-11D0-8D11-00A0C91BC942}") = "linux-sys-bitops", "linux-sys-bitops.vcxproj", "{0A2AB39A-B575-3729-A033-17983DD53DF9}"
	ProjectSection(ProjectDependencies) = postProject
		{127A57FB-5FE0-3E95-88E7-8FD95738A886} = {127A57FB-5FE0-3E95-88E7-8FD95738A886}
	EndProjectSection
EndProject
Project("{8BC9CEB8-8B4A-11D0-8D11-00A0C91BC942}") = "test_linux-sys-bitops", "test_linux-sys-bitops.vcxproj", "{7999747A-C5E7-389D-A2C6-B02309908EB4}"
	ProjectSection(ProjectDependencies) = postProject
		{127A57FB-5FE0-3E95-88E7-8FD95738A886} = {127A57FB-5FE0-3E95-88E7-8FD95738A886}
		{0A2AB39A-B575-3729-A033-17983DD53DF9} = {0A2AB39A-B575-3729-A033-17983DD53DF9}
	EndProjectSection
EndProject
Global
	GlobalSection(SolutionConfigurationPlatforms) = preSolution
		Debug|x64 = Debug|x64
		Release|x64 = Release|x64
		MinSizeRel|x64 = MinSizeRel|x64
		RelWithDebInfo|x64 = RelWithDebInfo|x64
	EndGlobalSection
	GlobalSection(ProjectConfigurationPlatforms) = postSolution
		{0784964E-94E2-3D53-A795-9C171FC82A2A}.Debug|x64.ActiveCfg = Debug|x64
		{0784964E-94E2-3D53-A795-9C171FC82A2A}.Debug|x64.Build.0 = Debug|x64
		{0784964E-94E2-3D53-A795-9C171FC82A2A}.Release|x64.ActiveCfg = Release|x64
		{0784964E-94E2-3D53-A795-9C171FC82A2A}.Release|x64.Build.0 = Release|x64
		{0784964E-94E2-3D53-A795-9C171FC82A2A}.MinSizeRel|x64.ActiveCfg = MinSizeRel|x64
		{0784964E-94E2-3D53-A795-9C171FC82A2A}.MinSizeRel|x64.Build.0 = MinSizeRel|x64
		{0784964E-94E2-3D53-A795-9C171FC82A2A}.RelWithDebInfo|x64.ActiveCfg = RelWithDebInfo|x64
		{0784964E-94E2-3D53-A795-9C171FC82A2A}.RelWithDebInfo|x64.Build.0 = RelWithDebInfo|x64
		{B11CAA45-6F48-3F49-BEC0-E4108AB797A3}.Debug|x64.ActiveCfg = Debug|x64
		{B11CAA45-6F48-3F49-BEC0-E4108AB797A3}.Release|x64.ActiveCfg = Release|x64
		{B11CAA45-6F48-3F49-BEC0-E4108AB797A3}.MinSizeRel|x64.ActiveCfg = MinSizeRel|x64
		{B11CAA45-6F48-3F49-BEC0-E4108AB797A3}.RelWithDebInfo|x64.ActiveCfg = RelWithDebInfo|x64
		{F5F13BAD-7845-38EB-8814-11441EF4D7A3}.Debug|x64.ActiveCfg = Debug|x64
		{F5F13BAD-7845-38EB-8814-11441EF4D7A3}.Release|x64.ActiveCfg = Release|x64
		{F5F13BAD-7845-38EB-8814-11441EF4D7A3}.MinSizeRel|x64.ActiveCfg = MinSizeRel|x64
		{F5F13BAD-7845-38EB-8814-11441EF4D7A3}.RelWithDebInfo|x64.ActiveCfg = RelWithDebInfo|x64
		{127A57FB-5FE0-3E95-88E7-8FD95738A886}.Debug|x64.ActiveCfg = Debug|x64
		{127A57FB-5FE0-3E95-88E7-8FD95738A886}.Debug|x64.Build.0 = Debug|x64
		{127A57FB-5FE0-3E95-88E7-8FD95738A886}.Release|x64.ActiveCfg = Release|x64
		{127A57FB-5FE0-3E95-88E7-8FD95738A886}.Release|x64.Build.0 = Release|x64
		{127A57FB-5FE0-3E95-88E7-8FD95738A886}.MinSizeRel|x64.ActiveCfg = MinSizeRel|x64
		{127A57FB-5FE0-3E95-88E7-8FD95738A886}.MinSizeRel|x64.Build.0 = MinSizeRel|x64
		{127A57FB-5FE0-3E95-88E7-8FD95738A886}.RelWithDebInfo|x64.ActiveCfg = RelWithDebInfo|x64
		{127A57FB-5FE0-3E95-88E7-8FD95738A886}.RelWithDebInfo|x64.Build.0 = RelWithDebInfo|x64
		{0A2AB39A-B575-3729-A033-17983DD53DF9}.Debug|x64.ActiveCfg = Debug|x64
		{0A2AB39A-B575-3729-A033-17983DD53DF9}.Debug|x64.Build.0 = Debug|x64
		{0A2AB39A-B575-3729-A033-17983DD53DF9}.Release|x64.ActiveCfg = Release|x64
		{0A2AB39A-B575-3729-A033-17983DD53DF9}.Release|x64.Build.0 = Release|x64
		{0A2AB39A-B575-3729-A033-17983DD53DF9}.MinSizeRel|x64.ActiveCfg = MinSizeRel|x64
		{0A2AB39A-B575-3729-A033-17983DD53DF9}.MinSizeRel|x64.Build.0 = MinSizeRel|x64
		{0A2AB39A-B575-3729-A033-17983DD53DF9}.RelWithDebInfo|x64.ActiveCfg = RelWithDebInfo|x64
		{0A2AB39A-B575-3729-A033-17983DD53DF9}.RelWithDebInfo|x64.Build.0 = RelWithDebInfo|x64
		{7999747A-C5E7-389D-A2C6-B02309908EB4}.Debug|x64.ActiveCfg = Debug|x64
		{7999747A-C5E7-389D-A2C6-B02309908EB4}.Debug|x64.Build.0 = Debug|x64
		{7999747A-C5E7-389D-A2C6-B02309908EB4}.Release|x64.ActiveCfg = Release|x64
		{7999747A-C5E7-389D-A2C6-B02309908EB4}.Release|x64.Build.0 = Release|x64
		{7999747A-C5E7-389D-A2C6-B02309908EB4}.MinSizeRel|x64.ActiveCfg = MinSizeRel|x64
		{7999747A-C5E7-389D-A2C6-B02309908EB4}.MinSizeRel|x64.Build.0 = MinSizeRel|x64
		{7999747A-C5E7-389D-A2C6-B02309908EB4}.RelWithDebInfo|x64.ActiveCfg = RelWithDebInfo|x64
		{7999747A-C5E7-389D-A2C6-B02309908EB4}.RelWithDebInfo|x64.Build.0 = RelWithDebInfo|x64
	EndGlobalSection
	GlobalSection(ExtensibilityGlobals) = postSolution
		SolutionGuid = {31BFBA99-A4AA-363A-8D34-1452116C1174}
	EndGlobalSection
	GlobalSection(ExtensibilityAddIns) = postSolution
	EndGlobalSection
EndGlobal
