<?xml version="1.0" encoding="UTF-8"?>
<Solution>
	<Configurations>
		<BuildType Name="Debug"/>
		<BuildType Name="Release"/>
		<BuildType Name="MinSizeRel"/>
		<BuildType Name="RelWithDebInfo"/>
		<Platform Name="x64"/>
	</Configurations>
	<Project Path="ALL_BUILD.vcxproj" Type="8bc9ceb8-8b4a-11d0-8d11-00a0c91bc942" Id="44edc425-45f5-3185-bb37-83401083afad" DefaultStartup="true">
		<BuildDependency Project="../ZERO_CHECK.vcxproj"/>
		<BuildDependency Project="linux-systemd.vcxproj"/>
		<BuildDependency Project="posix-stdbool_build/posix-stdbool.vcxproj"/>
		<BuildDependency Project="posix-stdint_build/posix-stdint.vcxproj"/>
	</Project>
	<Project Path="PACKAGE.vcxproj" Type="8bc9ceb8-8b4a-11d0-8d11-00a0c91bc942" Id="c17e18c0-5e37-3bd3-8d7d-5722f6813199">
		<BuildDependency Project="ALL_BUILD.vcxproj"/>
		<BuildDependency Project="../ZERO_CHECK.vcxproj"/>
		<Build Solution="Debug|*" Project="false"/>
		<Build Solution="Release|*" Project="false"/>
		<Build Solution="MinSizeRel|*" Project="false"/>
		<Build Solution="RelWithDebInfo|*" Project="false"/>
	</Project>
	<Project Path="RUN_TESTS.vcxproj" Type="8bc9ceb8-8b4a-11d0-8d11-00a0c91bc942" Id="533c2708-cb2a-32e2-a0f5-9bc6ca6dc509">
		<BuildDependency Project="../ZERO_CHECK.vcxproj"/>
		<Build Solution="Debug|*" Project="false"/>
		<Build Solution="Release|*" Project="false"/>
		<Build Solution="MinSizeRel|*" Project="false"/>
		<Build Solution="RelWithDebInfo|*" Project="false"/>
	</Project>
	<Project Path="../ZERO_CHECK.vcxproj" Type="8bc9ceb8-8b4a-11d0-8d11-00a0c91bc942" Id="e3f1aa7a-4047-33c7-9f73-af4c39079591"/>
	<Project Path="linux-systemd.vcxproj" Type="8bc9ceb8-8b4a-11d0-8d11-00a0c91bc942" Id="8eefabad-4529-3ad1-8202-dab0665c01f9">
		<BuildDependency Project="../ZERO_CHECK.vcxproj"/>
		<BuildDependency Project="posix-stdbool_build/posix-stdbool.vcxproj"/>
		<BuildDependency Project="posix-stdint_build/posix-stdint.vcxproj"/>
	</Project>
	<Project Path="posix-stdbool_build/posix-stdbool.vcxproj" Type="8bc9ceb8-8b4a-11d0-8d11-00a0c91bc942" Id="bdf34338-7bb9-3b15-a861-d717134d0942">
		<BuildDependency Project="../ZERO_CHECK.vcxproj"/>
	</Project>
	<Project Path="posix-stdint_build/posix-stdint.vcxproj" Type="8bc9ceb8-8b4a-11d0-8d11-00a0c91bc942" Id="05f0af7b-7b16-3a66-b33c-19ce59d246c1">
		<BuildDependency Project="../ZERO_CHECK.vcxproj"/>
	</Project>
</Solution>
