<?xml version="1.0" encoding="UTF-8"?>
<Solution>
	<Configurations>
		<BuildType Name="Debug"/>
		<BuildType Name="Release"/>
		<BuildType Name="MinSizeRel"/>
		<BuildType Name="RelWithDebInfo"/>
		<Platform Name="x64"/>
	</Configurations>
	<Project Path="ALL_BUILD.vcxproj" Type="8bc9ceb8-8b4a-11d0-8d11-00a0c91bc942" Id="44edc425-45f5-3185-bb37-83401083afad" DefaultStartup="true">
		<BuildDependency Project="ZERO_CHECK.vcxproj"/>
		<BuildDependency Project="auto-win-msvc.vcxproj"/>
		<BuildDependency Project="bsd-machine-endian/bsd-machine-endian.vcxproj"/>
		<BuildDependency Project="bsd-malloc-np/bsd-malloc-np.vcxproj"/>
		<BuildDependency Project="bsd-pthread-np/bsd-pthread-np.vcxproj"/>
		<BuildDependency Project="bsd-sys-cpuset/bsd-sys-cpuset.vcxproj"/>
		<BuildDependency Project="bsd-sys-endian/bsd-sys-endian.vcxproj"/>
		<BuildDependency Project="bsd-sys-event/bsd-sys-event.vcxproj"/>
		<BuildDependency Project="bsd-sys-file/bsd-sys-file.vcxproj"/>
		<BuildDependency Project="bsd-sys-param/bsd-sys-param.vcxproj"/>
		<BuildDependency Project="bsd-sys-sysctl/bsd-sys-sysctl.vcxproj"/>
		<BuildDependency Project="bsd-vm-param/bsd-vm-param.vcxproj"/>
		<BuildDependency Project="linux-backtrace/linux-backtrace.vcxproj"/>
		<BuildDependency Project="linux-endian/linux-endian.vcxproj"/>
		<BuildDependency Project="linux-epoll/linux-epoll.vcxproj"/>
		<BuildDependency Project="linux-execinfo/linux-execinfo.vcxproj"/>
		<BuildDependency Project="linux-features/linux-features.vcxproj"/>
		<BuildDependency Project="linux-getopt/linux-getopt.vcxproj"/>
		<BuildDependency Project="linux-hv-hloop/linux-hv-hloop.vcxproj"/>
		<BuildDependency Project="linux-magic/linux-magic.vcxproj"/>
		<BuildDependency Project="linux-rdma/linux-rdma.vcxproj"/>
		<BuildDependency Project="linux-sys-bitops/linux-sys-bitops.vcxproj"/>
		<BuildDependency Project="linux-sys-prctl/linux-sys-prctl.vcxproj"/>
		<BuildDependency Project="linux-sys-procfs/linux-sys-procfs.vcxproj"/>
		<BuildDependency Project="linux-sys-statfs/linux-sys-statfs.vcxproj"/>
		<BuildDependency Project="linux-sys-syscall/linux-sys-syscall.vcxproj"/>
		<BuildDependency Project="linux-sys-user/linux-sys-user.vcxproj"/>
		<BuildDependency Project="linux-systemd/linux-systemd.vcxproj"/>
		<BuildDependency Project="posix-alloca/posix-alloca.vcxproj"/>
		<BuildDependency Project="posix-arpa/posix-arpa.vcxproj"/>
		<BuildDependency Project="posix-core/posix-core.vcxproj"/>
		<BuildDependency Project="posix-dirent/posix-dirent.vcxproj"/>
		<BuildDependency Project="posix-dlfcn/posix-dlfcn.vcxproj"/>
		<BuildDependency Project="posix-glob/posix-glob.vcxproj"/>
		<BuildDependency Project="posix-inttypes/posix-inttypes.vcxproj"/>
		<BuildDependency Project="posix-ipc/posix-ipc.vcxproj"/>
		<BuildDependency Project="posix-langinfo/posix-langinfo.vcxproj"/>
		<BuildDependency Project="posix-libgen/posix-libgen.vcxproj"/>
		<BuildDependency Project="posix-libproc/posix-libproc.vcxproj"/>
		<BuildDependency Project="posix-mman/posix-mman.vcxproj"/>
		<BuildDependency Project="posix-netdb/posix-netdb.vcxproj"/>
		<BuildDependency Project="posix-netinet/posix-netinet.vcxproj"/>
		<BuildDependency Project="posix-pthread/posix-pthread.vcxproj"/>
		<BuildDependency Project="posix-pwdgrp/posix-pwdgrp.vcxproj"/>
		<BuildDependency Project="posix-regex/posix-regex.vcxproj"/>
		<BuildDependency Project="posix-sched/posix-sched.vcxproj"/>
		<BuildDependency Project="posix-signal/posix-signal.vcxproj"/>
		<BuildDependency Project="posix-spawn/posix-spawn.vcxproj"/>
		<BuildDependency Project="posix-stat/posix-stat.vcxproj"/>
		<BuildDependency Project="linux-systemd/posix-stdbool_build/posix-stdbool.vcxproj"/>
		<BuildDependency Project="linux-systemd/posix-stdint_build/posix-stdint.vcxproj"/>
		<BuildDependency Project="posix-strings/posix-strings.vcxproj"/>
		<BuildDependency Project="posix-stropts/posix-stropts.vcxproj"/>
		<BuildDependency Project="posix-sys-resource/posix-sys-resource.vcxproj"/>
		<BuildDependency Project="posix-syslog/posix-syslog.vcxproj"/>
		<BuildDependency Project="posix-termios/posix-termios.vcxproj"/>
		<BuildDependency Project="posix-time/posix-time.vcxproj"/>
		<BuildDependency Project="posix-times/posix-times.vcxproj"/>
		<BuildDependency Project="posix-types/posix-types.vcxproj"/>
		<BuildDependency Project="posix-ucontext/posix-ucontext.vcxproj"/>
		<BuildDependency Project="posix-unwind/posix-unwind.vcxproj"/>
		<BuildDependency Project="posix-utsname/posix-utsname.vcxproj"/>
		<BuildDependency Project="posix-wait/posix-wait.vcxproj"/>
		<BuildDependency Project="solaris-port/solaris-port.vcxproj"/>
		<BuildDependency Project="solaris-sys-byteorder/solaris-sys-byteorder.vcxproj"/>
		<BuildDependency Project="solaris-sys-feature-tests/solaris-sys-feature-tests.vcxproj"/>
		<BuildDependency Project="bsd-sys-cpuset/test_bsd-sys-cpuset.vcxproj"/>
		<BuildDependency Project="bsd-sys-sysctl/test_bsd-sys-sysctl.vcxproj"/>
		<BuildDependency Project="linux-sys-bitops/test_linux-sys-bitops.vcxproj"/>
		<BuildDependency Project="posix-alloca/test_posix-alloca.vcxproj"/>
		<BuildDependency Project="posix-core/test_posix-core.vcxproj"/>
		<BuildDependency Project="posix-dlfcn/test_posix-dlfcn.vcxproj"/>
		<BuildDependency Project="posix-langinfo/test_posix-langinfo.vcxproj"/>
		<BuildDependency Project="posix-libproc/test_posix-libproc.vcxproj"/>
		<BuildDependency Project="posix-mman/test_posix-mman.vcxproj"/>
		<BuildDependency Project="posix-pthread/test_posix-pthread.vcxproj"/>
		<BuildDependency Project="posix-regex/test_posix-regex.vcxproj"/>
		<BuildDependency Project="posix-signal/test_posix-signal.vcxproj"/>
		<BuildDependency Project="posix-spawn/test_posix-spawn.vcxproj"/>
		<BuildDependency Project="posix-syslog/test_posix-syslog.vcxproj"/>
		<BuildDependency Project="posix-termios/test_posix-termios.vcxproj"/>
		<BuildDependency Project="posix-time/test_posix-time.vcxproj"/>
		<BuildDependency Project="posix-times/test_posix-times.vcxproj"/>
		<BuildDependency Project="posix-types/test_posix-types.vcxproj"/>
		<BuildDependency Project="posix-unwind/test_posix-unwind.vcxproj"/>
		<BuildDependency Project="posix-utsname/test_posix-utsname.vcxproj"/>
		<BuildDependency Project="posix-wait/test_posix-wait.vcxproj"/>
		<BuildDependency Project="posix-utsname/uname.vcxproj"/>
		<BuildDependency Project="linux-epoll/wepoll.vcxproj"/>
	</Project>
	<Project Path="Continuous.vcxproj" Type="8bc9ceb8-8b4a-11d0-8d11-00a0c91bc942" Id="d960f913-2997-349d-b8aa-86541f602d3a">
		<BuildDependency Project="ZERO_CHECK.vcxproj"/>
		<Build Solution="Debug|*" Project="false"/>
		<Build Solution="Release|*" Project="false"/>
		<Build Solution="MinSizeRel|*" Project="false"/>
		<Build Solution="RelWithDebInfo|*" Project="false"/>
	</Project>
	<Project Path="Experimental.vcxproj" Type="8bc9ceb8-8b4a-11d0-8d11-00a0c91bc942" Id="321a3621-fb9e-3217-8757-bf3ad98cedac">
		<BuildDependency Project="ZERO_CHECK.vcxproj"/>
		<Build Solution="Debug|*" Project="false"/>
		<Build Solution="Release|*" Project="false"/>
		<Build Solution="MinSizeRel|*" Project="false"/>
		<Build Solution="RelWithDebInfo|*" Project="false"/>
	</Project>
	<Project Path="Nightly.vcxproj" Type="8bc9ceb8-8b4a-11d0-8d11-00a0c91bc942" Id="4771ba2a-67f8-3d18-80e6-5eda5cf7261e">
		<BuildDependency Project="ZERO_CHECK.vcxproj"/>
		<Build Solution="Debug|*" Project="false"/>
		<Build Solution="Release|*" Project="false"/>
		<Build Solution="MinSizeRel|*" Project="false"/>
		<Build Solution="RelWithDebInfo|*" Project="false"/>
	</Project>
	<Project Path="NightlyMemoryCheck.vcxproj" Type="8bc9ceb8-8b4a-11d0-8d11-00a0c91bc942" Id="9d316266-eb84-3d11-bdf1-70f6471061b2">
		<BuildDependency Project="ZERO_CHECK.vcxproj"/>
		<Build Solution="Debug|*" Project="false"/>
		<Build Solution="Release|*" Project="false"/>
		<Build Solution="MinSizeRel|*" Project="false"/>
		<Build Solution="RelWithDebInfo|*" Project="false"/>
	</Project>
	<Project Path="PACKAGE.vcxproj" Type="8bc9ceb8-8b4a-11d0-8d11-00a0c91bc942" Id="c17e18c0-5e37-3bd3-8d7d-5722f6813199">
		<BuildDependency Project="ALL_BUILD.vcxproj"/>
		<BuildDependency Project="ZERO_CHECK.vcxproj"/>
		<Build Solution="Debug|*" Project="false"/>
		<Build Solution="Release|*" Project="false"/>
		<Build Solution="MinSizeRel|*" Project="false"/>
		<Build Solution="RelWithDebInfo|*" Project="false"/>
	</Project>
	<Project Path="RUN_TESTS.vcxproj" Type="8bc9ceb8-8b4a-11d0-8d11-00a0c91bc942" Id="533c2708-cb2a-32e2-a0f5-9bc6ca6dc509">
		<BuildDependency Project="ZERO_CHECK.vcxproj"/>
		<Build Solution="Debug|*" Project="false"/>
		<Build Solution="Release|*" Project="false"/>
		<Build Solution="MinSizeRel|*" Project="false"/>
		<Build Solution="RelWithDebInfo|*" Project="false"/>
	</Project>
	<Project Path="ZERO_CHECK.vcxproj" Type="8bc9ceb8-8b4a-11d0-8d11-00a0c91bc942" Id="e3f1aa7a-4047-33c7-9f73-af4c39079591"/>
	<Project Path="auto-win-msvc.vcxproj" Type="8bc9ceb8-8b4a-11d0-8d11-00a0c91bc942" Id="610ddd00-e199-3565-a3f5-1b64f0358cb2">
		<BuildDependency Project="ZERO_CHECK.vcxproj"/>
		<BuildDependency Project="linux-epoll/wepoll.vcxproj"/>
	</Project>
	<Project Path="bsd-machine-endian/bsd-machine-endian.vcxproj" Type="8bc9ceb8-8b4a-11d0-8d11-00a0c91bc942" Id="d30788c4-2b21-3fd2-a1a6-16a780a66914">
		<BuildDependency Project="ZERO_CHECK.vcxproj"/>
	</Project>
	<Project Path="bsd-malloc-np/bsd-malloc-np.vcxproj" Type="8bc9ceb8-8b4a-11d0-8d11-00a0c91bc942" Id="dc803427-2312-30cb-af93-04505ade5f88">
		<BuildDependency Project="ZERO_CHECK.vcxproj"/>
	</Project>
	<Project Path="bsd-pthread-np/bsd-pthread-np.vcxproj" Type="8bc9ceb8-8b4a-11d0-8d11-00a0c91bc942" Id="deec482a-dd8f-3758-9281-f1284b3b509b">
		<BuildDependency Project="ZERO_CHECK.vcxproj"/>
	</Project>
	<Project Path="bsd-sys-cpuset/bsd-sys-cpuset.vcxproj" Type="8bc9ceb8-8b4a-11d0-8d11-00a0c91bc942" Id="e8ef6619-a6af-3166-808f-f12d1dfac461">
		<BuildDependency Project="ZERO_CHECK.vcxproj"/>
	</Project>
	<Project Path="bsd-sys-endian/bsd-sys-endian.vcxproj" Type="8bc9ceb8-8b4a-11d0-8d11-00a0c91bc942" Id="01829190-dddb-306e-a595-f5ddf098f132">
		<BuildDependency Project="ZERO_CHECK.vcxproj"/>
	</Project>
	<Project Path="bsd-sys-event/bsd-sys-event.vcxproj" Type="8bc9ceb8-8b4a-11d0-8d11-00a0c91bc942" Id="1bc6d5c4-51cc-37a9-8a10-b28473aacca6">
		<BuildDependency Project="ZERO_CHECK.vcxproj"/>
	</Project>
	<Project Path="bsd-sys-file/bsd-sys-file.vcxproj" Type="8bc9ceb8-8b4a-11d0-8d11-00a0c91bc942" Id="e0274f90-dbde-3022-a5aa-f0001cd073d9">
		<BuildDependency Project="ZERO_CHECK.vcxproj"/>
	</Project>
	<Project Path="bsd-sys-param/bsd-sys-param.vcxproj" Type="8bc9ceb8-8b4a-11d0-8d11-00a0c91bc942" Id="1d29b740-1638-3f08-883c-c295d98a64be">
		<BuildDependency Project="ZERO_CHECK.vcxproj"/>
	</Project>
	<Project Path="bsd-sys-sysctl/bsd-sys-sysctl.vcxproj" Type="8bc9ceb8-8b4a-11d0-8d11-00a0c91bc942" Id="2550a0b8-2d4f-35a0-99fa-c0b24cafdf8a">
		<BuildDependency Project="ZERO_CHECK.vcxproj"/>
	</Project>
	<Project Path="bsd-vm-param/bsd-vm-param.vcxproj" Type="8bc9ceb8-8b4a-11d0-8d11-00a0c91bc942" Id="7700a1d8-9511-38bb-ba70-dc8e0dcd0373">
		<BuildDependency Project="ZERO_CHECK.vcxproj"/>
		<BuildDependency Project="linux-systemd/posix-stdbool_build/posix-stdbool.vcxproj"/>
		<BuildDependency Project="linux-systemd/posix-stdint_build/posix-stdint.vcxproj"/>
	</Project>
	<Project Path="linux-backtrace/linux-backtrace.vcxproj" Type="8bc9ceb8-8b4a-11d0-8d11-00a0c91bc942" Id="4fb61964-e1e2-3961-a30f-0e2d9afef72e">
		<BuildDependency Project="ZERO_CHECK.vcxproj"/>
	</Project>
	<Project Path="linux-endian/linux-endian.vcxproj" Type="8bc9ceb8-8b4a-11d0-8d11-00a0c91bc942" Id="17144397-68bd-3ab2-bf01-b1a6aefa2796">
		<BuildDependency Project="ZERO_CHECK.vcxproj"/>
	</Project>
	<Project Path="linux-epoll/linux-epoll.vcxproj" Type="8bc9ceb8-8b4a-11d0-8d11-00a0c91bc942" Id="5eae27f7-c7a6-333f-a76c-81e7bc1c075f">
		<BuildDependency Project="ZERO_CHECK.vcxproj"/>
		<BuildDependency Project="linux-epoll/wepoll.vcxproj"/>
	</Project>
	<Project Path="linux-execinfo/linux-execinfo.vcxproj" Type="8bc9ceb8-8b4a-11d0-8d11-00a0c91bc942" Id="3cde68c5-cd3c-3379-984b-ef1e004ed8c8">
		<BuildDependency Project="ZERO_CHECK.vcxproj"/>
	</Project>
	<Project Path="linux-features/linux-features.vcxproj" Type="8bc9ceb8-8b4a-11d0-8d11-00a0c91bc942" Id="98df6428-1ef4-3241-9c9c-9112cfb27ecd">
		<BuildDependency Project="ZERO_CHECK.vcxproj"/>
	</Project>
	<Project Path="linux-getopt/linux-getopt.vcxproj" Type="8bc9ceb8-8b4a-11d0-8d11-00a0c91bc942" Id="ce75007f-ac50-3f31-81f9-ebfccbef2c24">
		<BuildDependency Project="ZERO_CHECK.vcxproj"/>
	</Project>
	<Project Path="linux-hv-hloop/linux-hv-hloop.vcxproj" Type="8bc9ceb8-8b4a-11d0-8d11-00a0c91bc942" Id="51efd200-9483-3417-98fa-0ca843389c94">
		<BuildDependency Project="ZERO_CHECK.vcxproj"/>
	</Project>
	<Project Path="linux-magic/linux-magic.vcxproj" Type="8bc9ceb8-8b4a-11d0-8d11-00a0c91bc942" Id="7b3be17a-71b1-3d92-b71f-c9d4286210e3">
		<BuildDependency Project="ZERO_CHECK.vcxproj"/>
		<BuildDependency Project="linux-systemd/posix-stdbool_build/posix-stdbool.vcxproj"/>
		<BuildDependency Project="linux-systemd/posix-stdint_build/posix-stdint.vcxproj"/>
	</Project>
	<Project Path="linux-rdma/linux-rdma.vcxproj" Type="8bc9ceb8-8b4a-11d0-8d11-00a0c91bc942" Id="135ba623-b5f0-3f6e-83d3-ab2ee8068775">
		<BuildDependency Project="ZERO_CHECK.vcxproj"/>
		<BuildDependency Project="linux-systemd/posix-stdbool_build/posix-stdbool.vcxproj"/>
		<BuildDependency Project="linux-systemd/posix-stdint_build/posix-stdint.vcxproj"/>
	</Project>
	<Project Path="linux-sys-bitops/linux-sys-bitops.vcxproj" Type="8bc9ceb8-8b4a-11d0-8d11-00a0c91bc942" Id="6fb7620e-0ab4-3415-b448-c86c9c8997c2">
		<BuildDependency Project="ZERO_CHECK.vcxproj"/>
	</Project>
	<Project Path="linux-sys-prctl/linux-sys-prctl.vcxproj" Type="8bc9ceb8-8b4a-11d0-8d11-00a0c91bc942" Id="747b52cd-89bb-364a-9053-7c29583cc45f">
		<BuildDependency Project="ZERO_CHECK.vcxproj"/>
	</Project>
	<Project Path="linux-sys-procfs/linux-sys-procfs.vcxproj" Type="8bc9ceb8-8b4a-11d0-8d11-00a0c91bc942" Id="9543e9e2-a469-3740-a589-afa3d50a9d74">
		<BuildDependency Project="ZERO_CHECK.vcxproj"/>
	</Project>
	<Project Path="linux-sys-statfs/linux-sys-statfs.vcxproj" Type="8bc9ceb8-8b4a-11d0-8d11-00a0c91bc942" Id="665ccc11-15c5-3d8c-b24b-78b0a9f6364c">
		<BuildDependency Project="ZERO_CHECK.vcxproj"/>
	</Project>
	<Project Path="linux-sys-syscall/linux-sys-syscall.vcxproj" Type="8bc9ceb8-8b4a-11d0-8d11-00a0c91bc942" Id="2f9943b7-7e36-39bc-83fe-caeadfb65e3f">
		<BuildDependency Project="ZERO_CHECK.vcxproj"/>
	</Project>
	<Project Path="linux-sys-user/linux-sys-user.vcxproj" Type="8bc9ceb8-8b4a-11d0-8d11-00a0c91bc942" Id="afd63ea6-f749-322b-bacc-037c96569b39">
		<BuildDependency Project="ZERO_CHECK.vcxproj"/>
	</Project>
	<Project Path="linux-systemd/linux-systemd.vcxproj" Type="8bc9ceb8-8b4a-11d0-8d11-00a0c91bc942" Id="8eefabad-4529-3ad1-8202-dab0665c01f9">
		<BuildDependency Project="ZERO_CHECK.vcxproj"/>
		<BuildDependency Project="linux-systemd/posix-stdbool_build/posix-stdbool.vcxproj"/>
		<BuildDependency Project="linux-systemd/posix-stdint_build/posix-stdint.vcxproj"/>
	</Project>
	<Project Path="posix-alloca/posix-alloca.vcxproj" Type="8bc9ceb8-8b4a-11d0-8d11-00a0c91bc942" Id="46c0ab27-0354-3d9a-85f3-eeb55875fb4a">
		<BuildDependency Project="ZERO_CHECK.vcxproj"/>
	</Project>
	<Project Path="posix-arpa/posix-arpa.vcxproj" Type="8bc9ceb8-8b4a-11d0-8d11-00a0c91bc942" Id="10ff6e86-4ea9-3284-b028-5d2d3cd820a3">
		<BuildDependency Project="ZERO_CHECK.vcxproj"/>
	</Project>
	<Project Path="posix-core/posix-core.vcxproj" Type="8bc9ceb8-8b4a-11d0-8d11-00a0c91bc942" Id="78dc2a90-0d5c-36b9-927d-bf4f6c02093c">
		<BuildDependency Project="ZERO_CHECK.vcxproj"/>
		<BuildDependency Project="linux-epoll/linux-epoll.vcxproj"/>
		<BuildDependency Project="posix-core/posix-sockets_build/posix-poll_build/posix-poll.vcxproj"/>
		<BuildDependency Project="posix-core/posix-sockets_build/posix-sockets.vcxproj"/>
		<BuildDependency Project="posix-core/posix-sockets_build/posix-sys-ioctl_build/posix-sys-ioctl.vcxproj"/>
		<BuildDependency Project="posix-core/posix-sockets_build/posix-sys-uio_build/posix-sys-uio.vcxproj"/>
		<BuildDependency Project="linux-epoll/wepoll.vcxproj"/>
	</Project>
	<Project Path="posix-dirent/posix-dirent.vcxproj" Type="8bc9ceb8-8b4a-11d0-8d11-00a0c91bc942" Id="68f82fe3-e7f6-3f6d-bc41-38b14f07128d">
		<BuildDependency Project="ZERO_CHECK.vcxproj"/>
	</Project>
	<Project Path="posix-dlfcn/posix-dlfcn.vcxproj" Type="8bc9ceb8-8b4a-11d0-8d11-00a0c91bc942" Id="74bcb104-1abd-30ef-8e38-9eaed939f60f">
		<BuildDependency Project="ZERO_CHECK.vcxproj"/>
	</Project>
	<Project Path="posix-glob/posix-glob.vcxproj" Type="8bc9ceb8-8b4a-11d0-8d11-00a0c91bc942" Id="044d7f7c-5693-3010-a205-d34d8aabee3f">
		<BuildDependency Project="ZERO_CHECK.vcxproj"/>
	</Project>
	<Project Path="posix-inttypes/posix-inttypes.vcxproj" Type="8bc9ceb8-8b4a-11d0-8d11-00a0c91bc942" Id="835c2ca2-a88f-340d-84d2-a3a3c4ea0406">
		<BuildDependency Project="ZERO_CHECK.vcxproj"/>
	</Project>
	<Project Path="posix-ipc/posix-ipc.vcxproj" Type="8bc9ceb8-8b4a-11d0-8d11-00a0c91bc942" Id="4b7e7961-5dc1-3c6b-b706-dd92afd32f36">
		<BuildDependency Project="ZERO_CHECK.vcxproj"/>
	</Project>
	<Project Path="posix-langinfo/posix-langinfo.vcxproj" Type="8bc9ceb8-8b4a-11d0-8d11-00a0c91bc942" Id="e5a7d09e-f74f-30fa-8300-636d0e7bceda">
		<BuildDependency Project="ZERO_CHECK.vcxproj"/>
	</Project>
	<Project Path="posix-libgen/posix-libgen.vcxproj" Type="8bc9ceb8-8b4a-11d0-8d11-00a0c91bc942" Id="8825235b-0bd5-3a5e-98c4-a57e5b04de10">
		<BuildDependency Project="ZERO_CHECK.vcxproj"/>
	</Project>
	<Project Path="posix-libproc/posix-libproc.vcxproj" Type="8bc9ceb8-8b4a-11d0-8d11-00a0c91bc942" Id="17ed903a-9bd5-3034-94b7-181b88f9ee13">
		<BuildDependency Project="ZERO_CHECK.vcxproj"/>
	</Project>
	<Project Path="posix-mman/posix-mman.vcxproj" Type="8bc9ceb8-8b4a-11d0-8d11-00a0c91bc942" Id="2bd065a1-9aec-384c-b1c9-83b8b668af12">
		<BuildDependency Project="ZERO_CHECK.vcxproj"/>
	</Project>
	<Project Path="posix-netdb/posix-netdb.vcxproj" Type="8bc9ceb8-8b4a-11d0-8d11-00a0c91bc942" Id="931d5ac4-5b17-3ec7-b891-1eb29c93b593">
		<BuildDependency Project="ZERO_CHECK.vcxproj"/>
	</Project>
	<Project Path="posix-netinet/posix-netinet.vcxproj" Type="8bc9ceb8-8b4a-11d0-8d11-00a0c91bc942" Id="f5cd3681-8cb6-310c-9532-f1267bf651a2">
		<BuildDependency Project="ZERO_CHECK.vcxproj"/>
	</Project>
	<Project Path="posix-core/posix-sockets_build/posix-poll_build/posix-poll.vcxproj" Type="8bc9ceb8-8b4a-11d0-8d11-00a0c91bc942" Id="33d4daae-e370-394c-9643-a24616ccf55b">
		<BuildDependency Project="ZERO_CHECK.vcxproj"/>
	</Project>
	<Project Path="posix-pthread/posix-pthread.vcxproj" Type="8bc9ceb8-8b4a-11d0-8d11-00a0c91bc942" Id="8b8eab5a-d6e2-382b-9e63-14328e2ef6b0">
		<BuildDependency Project="ZERO_CHECK.vcxproj"/>
	</Project>
	<Project Path="posix-pwdgrp/posix-pwdgrp.vcxproj" Type="8bc9ceb8-8b4a-11d0-8d11-00a0c91bc942" Id="7a497c82-4783-354f-b8dd-3f1ca06f1c6c">
		<BuildDependency Project="ZERO_CHECK.vcxproj"/>
	</Project>
	<Project Path="posix-regex/posix-regex.vcxproj" Type="8bc9ceb8-8b4a-11d0-8d11-00a0c91bc942" Id="856b31a7-3cad-393c-ab09-24052f735590">
		<BuildDependency Project="ZERO_CHECK.vcxproj"/>
	</Project>
	<Project Path="posix-sched/posix-sched.vcxproj" Type="8bc9ceb8-8b4a-11d0-8d11-00a0c91bc942" Id="ceaf3e82-a72d-347a-9e05-5dbbd0b90d98">
		<BuildDependency Project="ZERO_CHECK.vcxproj"/>
	</Project>
	<Project Path="posix-signal/posix-signal.vcxproj" Type="8bc9ceb8-8b4a-11d0-8d11-00a0c91bc942" Id="9ac71ae5-0e8a-3eaf-9a6b-7e2feda1d5a0">
		<BuildDependency Project="ZERO_CHECK.vcxproj"/>
	</Project>
	<Project Path="posix-core/posix-sockets_build/posix-sockets.vcxproj" Type="8bc9ceb8-8b4a-11d0-8d11-00a0c91bc942" Id="efec8502-ef0c-3304-a61b-5d08590a30d6">
		<BuildDependency Project="ZERO_CHECK.vcxproj"/>
		<BuildDependency Project="posix-core/posix-sockets_build/posix-poll_build/posix-poll.vcxproj"/>
		<BuildDependency Project="posix-core/posix-sockets_build/posix-sys-ioctl_build/posix-sys-ioctl.vcxproj"/>
		<BuildDependency Project="posix-core/posix-sockets_build/posix-sys-uio_build/posix-sys-uio.vcxproj"/>
	</Project>
	<Project Path="posix-spawn/posix-spawn.vcxproj" Type="8bc9ceb8-8b4a-11d0-8d11-00a0c91bc942" Id="af74bf1d-dc92-391e-bc58-f56395a653be">
		<BuildDependency Project="ZERO_CHECK.vcxproj"/>
	</Project>
	<Project Path="posix-stat/posix-stat.vcxproj" Type="8bc9ceb8-8b4a-11d0-8d11-00a0c91bc942" Id="0e6f6d71-f105-32e9-880a-2c9cb00d4888">
		<BuildDependency Project="ZERO_CHECK.vcxproj"/>
	</Project>
	<Project Path="linux-systemd/posix-stdbool_build/posix-stdbool.vcxproj" Type="8bc9ceb8-8b4a-11d0-8d11-00a0c91bc942" Id="bdf34338-7bb9-3b15-a861-d717134d0942">
		<BuildDependency Project="ZERO_CHECK.vcxproj"/>
	</Project>
	<Project Path="linux-systemd/posix-stdint_build/posix-stdint.vcxproj" Type="8bc9ceb8-8b4a-11d0-8d11-00a0c91bc942" Id="05f0af7b-7b16-3a66-b33c-19ce59d246c1">
		<BuildDependency Project="ZERO_CHECK.vcxproj"/>
	</Project>
	<Project Path="posix-strings/posix-strings.vcxproj" Type="8bc9ceb8-8b4a-11d0-8d11-00a0c91bc942" Id="3abd1c5a-1c5c-362d-99ef-24a3abd96cbd">
		<BuildDependency Project="ZERO_CHECK.vcxproj"/>
	</Project>
	<Project Path="posix-stropts/posix-stropts.vcxproj" Type="8bc9ceb8-8b4a-11d0-8d11-00a0c91bc942" Id="e94d07d7-f010-3400-8643-6200753b6814">
		<BuildDependency Project="ZERO_CHECK.vcxproj"/>
	</Project>
	<Project Path="posix-core/posix-sockets_build/posix-sys-ioctl_build/posix-sys-ioctl.vcxproj" Type="8bc9ceb8-8b4a-11d0-8d11-00a0c91bc942" Id="e58d8180-ccc9-3a2e-aded-8a697b52f84f">
		<BuildDependency Project="ZERO_CHECK.vcxproj"/>
	</Project>
	<Project Path="posix-sys-resource/posix-sys-resource.vcxproj" Type="8bc9ceb8-8b4a-11d0-8d11-00a0c91bc942" Id="b1b2e88e-d047-3394-a198-0f08ae788877">
		<BuildDependency Project="ZERO_CHECK.vcxproj"/>
	</Project>
	<Project Path="posix-core/posix-sockets_build/posix-sys-uio_build/posix-sys-uio.vcxproj" Type="8bc9ceb8-8b4a-11d0-8d11-00a0c91bc942" Id="ebb4dd71-4e03-3285-be5f-d17457364210">
		<BuildDependency Project="ZERO_CHECK.vcxproj"/>
	</Project>
	<Project Path="posix-syslog/posix-syslog.vcxproj" Type="8bc9ceb8-8b4a-11d0-8d11-00a0c91bc942" Id="8e2bff9f-9633-3d15-b926-6827fc6f46f5">
		<BuildDependency Project="ZERO_CHECK.vcxproj"/>
	</Project>
	<Project Path="posix-termios/posix-termios.vcxproj" Type="8bc9ceb8-8b4a-11d0-8d11-00a0c91bc942" Id="af3adc97-ddd3-32c5-8104-a3c949b9ec1b">
		<BuildDependency Project="ZERO_CHECK.vcxproj"/>
	</Project>
	<Project Path="posix-time/posix-time.vcxproj" Type="8bc9ceb8-8b4a-11d0-8d11-00a0c91bc942" Id="46570043-834d-343f-9a5f-b3c2e55e7de0">
		<BuildDependency Project="ZERO_CHECK.vcxproj"/>
	</Project>
	<Project Path="posix-times/posix-times.vcxproj" Type="8bc9ceb8-8b4a-11d0-8d11-00a0c91bc942" Id="a1252a33-7c45-3c3a-951e-17e213f84242">
		<BuildDependency Project="ZERO_CHECK.vcxproj"/>
	</Project>
	<Project Path="posix-types/posix-types.vcxproj" Type="8bc9ceb8-8b4a-11d0-8d11-00a0c91bc942" Id="5b074032-2807-347e-ac9d-6e38e622ea2c">
		<BuildDependency Project="ZERO_CHECK.vcxproj"/>
	</Project>
	<Project Path="posix-ucontext/posix-ucontext.vcxproj" Type="8bc9ceb8-8b4a-11d0-8d11-00a0c91bc942" Id="426c1e3a-5039-3b9c-b1d4-ea17eeac9b3e">
		<BuildDependency Project="ZERO_CHECK.vcxproj"/>
	</Project>
	<Project Path="posix-unwind/posix-unwind.vcxproj" Type="8bc9ceb8-8b4a-11d0-8d11-00a0c91bc942" Id="b2a4cf4b-3ff5-3340-84cc-337380f1e248">
		<BuildDependency Project="ZERO_CHECK.vcxproj"/>
	</Project>
	<Project Path="posix-utsname/posix-utsname.vcxproj" Type="8bc9ceb8-8b4a-11d0-8d11-00a0c91bc942" Id="48eeca13-fe64-3604-b158-173a82204dc1">
		<BuildDependency Project="ZERO_CHECK.vcxproj"/>
	</Project>
	<Project Path="posix-wait/posix-wait.vcxproj" Type="8bc9ceb8-8b4a-11d0-8d11-00a0c91bc942" Id="00fc2ec4-5dc0-3c4e-a77b-baf1d2c6f939">
		<BuildDependency Project="ZERO_CHECK.vcxproj"/>
	</Project>
	<Project Path="solaris-port/solaris-port.vcxproj" Type="8bc9ceb8-8b4a-11d0-8d11-00a0c91bc942" Id="56f656ec-1786-3b5b-9d30-1483aeb8bedd">
		<BuildDependency Project="ZERO_CHECK.vcxproj"/>
	</Project>
	<Project Path="solaris-sys-byteorder/solaris-sys-byteorder.vcxproj" Type="8bc9ceb8-8b4a-11d0-8d11-00a0c91bc942" Id="9270e480-b897-3440-9aa8-c97eeb62d4b1">
		<BuildDependency Project="ZERO_CHECK.vcxproj"/>
	</Project>
	<Project Path="solaris-sys-feature-tests/solaris-sys-feature-tests.vcxproj" Type="8bc9ceb8-8b4a-11d0-8d11-00a0c91bc942" Id="b441279f-b94c-3a0a-8f10-ae3a52764dee">
		<BuildDependency Project="ZERO_CHECK.vcxproj"/>
	</Project>
	<Project Path="bsd-sys-cpuset/test_bsd-sys-cpuset.vcxproj" Type="8bc9ceb8-8b4a-11d0-8d11-00a0c91bc942" Id="f8d2af86-e49c-3b16-8454-fc78e255e1f0">
		<BuildDependency Project="ZERO_CHECK.vcxproj"/>
		<BuildDependency Project="bsd-sys-cpuset/bsd-sys-cpuset.vcxproj"/>
	</Project>
	<Project Path="bsd-sys-sysctl/test_bsd-sys-sysctl.vcxproj" Type="8bc9ceb8-8b4a-11d0-8d11-00a0c91bc942" Id="8659e5f2-fddc-374c-a6c6-acb2088db779">
		<BuildDependency Project="ZERO_CHECK.vcxproj"/>
		<BuildDependency Project="bsd-sys-sysctl/bsd-sys-sysctl.vcxproj"/>
	</Project>
	<Project Path="linux-sys-bitops/test_linux-sys-bitops.vcxproj" Type="8bc9ceb8-8b4a-11d0-8d11-00a0c91bc942" Id="bdf16d54-81ce-34ef-b123-261450bb6ff1">
		<BuildDependency Project="ZERO_CHECK.vcxproj"/>
		<BuildDependency Project="linux-sys-bitops/linux-sys-bitops.vcxproj"/>
	</Project>
	<Project Path="posix-alloca/test_posix-alloca.vcxproj" Type="8bc9ceb8-8b4a-11d0-8d11-00a0c91bc942" Id="80f49d07-a9af-351a-8260-fcfb8ea0cef8">
		<BuildDependency Project="ZERO_CHECK.vcxproj"/>
		<BuildDependency Project="posix-alloca/posix-alloca.vcxproj"/>
	</Project>
	<Project Path="posix-core/test_posix-core.vcxproj" Type="8bc9ceb8-8b4a-11d0-8d11-00a0c91bc942" Id="9e82ef9c-06f5-3fe8-bbdc-78db19ac624e">
		<BuildDependency Project="ZERO_CHECK.vcxproj"/>
		<BuildDependency Project="linux-epoll/linux-epoll.vcxproj"/>
		<BuildDependency Project="posix-core/posix-core.vcxproj"/>
		<BuildDependency Project="posix-core/posix-sockets_build/posix-poll_build/posix-poll.vcxproj"/>
		<BuildDependency Project="posix-core/posix-sockets_build/posix-sockets.vcxproj"/>
		<BuildDependency Project="posix-core/posix-sockets_build/posix-sys-ioctl_build/posix-sys-ioctl.vcxproj"/>
		<BuildDependency Project="posix-core/posix-sockets_build/posix-sys-uio_build/posix-sys-uio.vcxproj"/>
		<BuildDependency Project="linux-epoll/wepoll.vcxproj"/>
	</Project>
	<Project Path="posix-dlfcn/test_posix-dlfcn.vcxproj" Type="8bc9ceb8-8b4a-11d0-8d11-00a0c91bc942" Id="09c74607-c25e-3dff-9d20-f3476ce2fae1">
		<BuildDependency Project="ZERO_CHECK.vcxproj"/>
		<BuildDependency Project="posix-dlfcn/posix-dlfcn.vcxproj"/>
	</Project>
	<Project Path="posix-langinfo/test_posix-langinfo.vcxproj" Type="8bc9ceb8-8b4a-11d0-8d11-00a0c91bc942" Id="ee5d7690-b3c7-309d-9d2b-b525018c7ab5">
		<BuildDependency Project="ZERO_CHECK.vcxproj"/>
		<BuildDependency Project="posix-langinfo/posix-langinfo.vcxproj"/>
	</Project>
	<Project Path="posix-libproc/test_posix-libproc.vcxproj" Type="8bc9ceb8-8b4a-11d0-8d11-00a0c91bc942" Id="5f24b10e-76bb-3d51-b35d-d4a0111e3597">
		<BuildDependency Project="ZERO_CHECK.vcxproj"/>
		<BuildDependency Project="posix-libproc/posix-libproc.vcxproj"/>
	</Project>
	<Project Path="posix-mman/test_posix-mman.vcxproj" Type="8bc9ceb8-8b4a-11d0-8d11-00a0c91bc942" Id="02ac0579-3648-3119-b212-11a883767afd">
		<BuildDependency Project="ZERO_CHECK.vcxproj"/>
		<BuildDependency Project="posix-mman/posix-mman.vcxproj"/>
	</Project>
	<Project Path="posix-pthread/test_posix-pthread.vcxproj" Type="8bc9ceb8-8b4a-11d0-8d11-00a0c91bc942" Id="22ddc959-cdca-3f16-a485-ff15c3a44443">
		<BuildDependency Project="ZERO_CHECK.vcxproj"/>
		<BuildDependency Project="posix-pthread/posix-pthread.vcxproj"/>
	</Project>
	<Project Path="posix-regex/test_posix-regex.vcxproj" Type="8bc9ceb8-8b4a-11d0-8d11-00a0c91bc942" Id="8d86d277-1e7b-32ba-9f12-51f0d80f9fcb">
		<BuildDependency Project="ZERO_CHECK.vcxproj"/>
		<BuildDependency Project="posix-regex/posix-regex.vcxproj"/>
	</Project>
	<Project Path="posix-signal/test_posix-signal.vcxproj" Type="8bc9ceb8-8b4a-11d0-8d11-00a0c91bc942" Id="1dd829f1-6790-3226-87ac-ccce3753106c">
		<BuildDependency Project="ZERO_CHECK.vcxproj"/>
		<BuildDependency Project="posix-signal/posix-signal.vcxproj"/>
	</Project>
	<Project Path="posix-spawn/test_posix-spawn.vcxproj" Type="8bc9ceb8-8b4a-11d0-8d11-00a0c91bc942" Id="3afd0f68-14df-31ad-86c4-ffdf01c2648a">
		<BuildDependency Project="ZERO_CHECK.vcxproj"/>
		<BuildDependency Project="posix-spawn/posix-spawn.vcxproj"/>
	</Project>
	<Project Path="posix-syslog/test_posix-syslog.vcxproj" Type="8bc9ceb8-8b4a-11d0-8d11-00a0c91bc942" Id="45415186-43d2-3369-bcb8-564ec5f2955f">
		<BuildDependency Project="ZERO_CHECK.vcxproj"/>
		<BuildDependency Project="posix-syslog/posix-syslog.vcxproj"/>
	</Project>
	<Project Path="posix-termios/test_posix-termios.vcxproj" Type="8bc9ceb8-8b4a-11d0-8d11-00a0c91bc942" Id="1421edc2-7271-3194-be39-1e1e43df6faa">
		<BuildDependency Project="ZERO_CHECK.vcxproj"/>
		<BuildDependency Project="posix-termios/posix-termios.vcxproj"/>
	</Project>
	<Project Path="posix-time/test_posix-time.vcxproj" Type="8bc9ceb8-8b4a-11d0-8d11-00a0c91bc942" Id="0cd65ad7-fab8-3c15-b7cd-3a82091dbd04">
		<BuildDependency Project="ZERO_CHECK.vcxproj"/>
		<BuildDependency Project="posix-time/posix-time.vcxproj"/>
	</Project>
	<Project Path="posix-times/test_posix-times.vcxproj" Type="8bc9ceb8-8b4a-11d0-8d11-00a0c91bc942" Id="5216e029-3d15-3364-8a42-ea4cd9f15455">
		<BuildDependency Project="ZERO_CHECK.vcxproj"/>
		<BuildDependency Project="posix-times/posix-times.vcxproj"/>
	</Project>
	<Project Path="posix-types/test_posix-types.vcxproj" Type="8bc9ceb8-8b4a-11d0-8d11-00a0c91bc942" Id="adaf8fb2-48b8-36a1-bf90-28f06a4448d8">
		<BuildDependency Project="ZERO_CHECK.vcxproj"/>
		<BuildDependency Project="posix-types/posix-types.vcxproj"/>
	</Project>
	<Project Path="posix-unwind/test_posix-unwind.vcxproj" Type="8bc9ceb8-8b4a-11d0-8d11-00a0c91bc942" Id="3fecf325-e655-39bd-a858-c672c0ea241f">
		<BuildDependency Project="ZERO_CHECK.vcxproj"/>
		<BuildDependency Project="posix-unwind/posix-unwind.vcxproj"/>
	</Project>
	<Project Path="posix-utsname/test_posix-utsname.vcxproj" Type="8bc9ceb8-8b4a-11d0-8d11-00a0c91bc942" Id="500aafd1-7b12-3e1f-8d8e-b3920d16faa9">
		<BuildDependency Project="ZERO_CHECK.vcxproj"/>
		<BuildDependency Project="posix-utsname/posix-utsname.vcxproj"/>
	</Project>
	<Project Path="posix-wait/test_posix-wait.vcxproj" Type="8bc9ceb8-8b4a-11d0-8d11-00a0c91bc942" Id="6bd76613-57b3-394e-b2f3-24396508ec91">
		<BuildDependency Project="ZERO_CHECK.vcxproj"/>
		<BuildDependency Project="posix-wait/posix-wait.vcxproj"/>
	</Project>
	<Project Path="posix-utsname/uname.vcxproj" Type="8bc9ceb8-8b4a-11d0-8d11-00a0c91bc942" Id="650a6441-d95f-3104-993b-7990ab70762d">
		<BuildDependency Project="ZERO_CHECK.vcxproj"/>
		<BuildDependency Project="posix-utsname/posix-utsname.vcxproj"/>
	</Project>
	<Project Path="linux-epoll/wepoll.vcxproj" Type="8bc9ceb8-8b4a-11d0-8d11-00a0c91bc942" Id="26022a4a-af2c-3d56-9557-198f03a37838">
		<BuildDependency Project="ZERO_CHECK.vcxproj"/>
	</Project>
</Solution>
