<?xml version="1.0" encoding="UTF-8"?>
<Solution>
	<Configurations>
		<BuildType Name="Debug"/>
		<BuildType Name="Release"/>
		<BuildType Name="MinSizeRel"/>
		<BuildType Name="RelWithDebInfo"/>
		<Platform Name="x64"/>
	</Configurations>
	<Project Path="ALL_BUILD.vcxproj" Type="8bc9ceb8-8b4a-11d0-8d11-00a0c91bc942" Id="09b9c45f-9a7a-36f3-93a4-5efec11a9a3c" DefaultStartup="true">
		<BuildDependency Project="ZERO_CHECK.vcxproj"/>
		<BuildDependency Project="auto-win-msvc.vcxproj"/>
		<BuildDependency Project="bsd-machine-endian/bsd-machine-endian.vcxproj"/>
		<BuildDependency Project="bsd-malloc-np/bsd-malloc-np.vcxproj"/>
		<BuildDependency Project="bsd-pthread-np/bsd-pthread-np.vcxproj"/>
		<BuildDependency Project="bsd-sys-cpuset/bsd-sys-cpuset.vcxproj"/>
		<BuildDependency Project="bsd-sys-endian/bsd-sys-endian.vcxproj"/>
		<BuildDependency Project="bsd-sys-event/bsd-sys-event.vcxproj"/>
		<BuildDependency Project="bsd-sys-file/bsd-sys-file.vcxproj"/>
		<BuildDependency Project="bsd-sys-param/bsd-sys-param.vcxproj"/>
		<BuildDependency Project="bsd-sys-sysctl/bsd-sys-sysctl.vcxproj"/>
		<BuildDependency Project="bsd-vm-param/bsd-vm-param.vcxproj"/>
		<BuildDependency Project="linux-backtrace/linux-backtrace.vcxproj"/>
		<BuildDependency Project="linux-endian/linux-endian.vcxproj"/>
		<BuildDependency Project="linux-epoll/linux-epoll.vcxproj"/>
		<BuildDependency Project="linux-execinfo/linux-execinfo.vcxproj"/>
		<BuildDependency Project="linux-features/linux-features.vcxproj"/>
		<BuildDependency Project="linux-getopt/linux-getopt.vcxproj"/>
		<BuildDependency Project="linux-hv-hloop/linux-hv-hloop.vcxproj"/>
		<BuildDependency Project="linux-magic/linux-magic.vcxproj"/>
		<BuildDependency Project="linux-rdma/linux-rdma.vcxproj"/>
		<BuildDependency Project="linux-sys-bitops/linux-sys-bitops.vcxproj"/>
		<BuildDependency Project="linux-sys-prctl/linux-sys-prctl.vcxproj"/>
		<BuildDependency Project="linux-sys-procfs/linux-sys-procfs.vcxproj"/>
		<BuildDependency Project="linux-sys-statfs/linux-sys-statfs.vcxproj"/>
		<BuildDependency Project="linux-sys-syscall/linux-sys-syscall.vcxproj"/>
		<BuildDependency Project="linux-sys-user/linux-sys-user.vcxproj"/>
		<BuildDependency Project="linux-systemd/linux-systemd.vcxproj"/>
		<BuildDependency Project="posix-alloca/posix-alloca.vcxproj"/>
		<BuildDependency Project="posix-arpa/posix-arpa.vcxproj"/>
		<BuildDependency Project="posix-core/posix-core.vcxproj"/>
		<BuildDependency Project="posix-dirent/posix-dirent.vcxproj"/>
		<BuildDependency Project="posix-dlfcn/posix-dlfcn.vcxproj"/>
		<BuildDependency Project="posix-glob/posix-glob.vcxproj"/>
		<BuildDependency Project="posix-inttypes/posix-inttypes.vcxproj"/>
		<BuildDependency Project="posix-ipc/posix-ipc.vcxproj"/>
		<BuildDependency Project="posix-langinfo/posix-langinfo.vcxproj"/>
		<BuildDependency Project="posix-libgen/posix-libgen.vcxproj"/>
		<BuildDependency Project="posix-libproc/posix-libproc.vcxproj"/>
		<BuildDependency Project="posix-mman/posix-mman.vcxproj"/>
		<BuildDependency Project="posix-netdb/posix-netdb.vcxproj"/>
		<BuildDependency Project="posix-netinet/posix-netinet.vcxproj"/>
		<BuildDependency Project="posix-pthread/posix-pthread.vcxproj"/>
		<BuildDependency Project="posix-pwdgrp/posix-pwdgrp.vcxproj"/>
		<BuildDependency Project="posix-regex/posix-regex.vcxproj"/>
		<BuildDependency Project="posix-sched/posix-sched.vcxproj"/>
		<BuildDependency Project="posix-signal/posix-signal.vcxproj"/>
		<BuildDependency Project="posix-spawn/posix-spawn.vcxproj"/>
		<BuildDependency Project="posix-stat/posix-stat.vcxproj"/>
		<BuildDependency Project="linux-systemd/posix-stdbool_build/posix-stdbool.vcxproj"/>
		<BuildDependency Project="linux-systemd/posix-stdint_build/posix-stdint.vcxproj"/>
		<BuildDependency Project="posix-strings/posix-strings.vcxproj"/>
		<BuildDependency Project="posix-stropts/posix-stropts.vcxproj"/>
		<BuildDependency Project="posix-sys-resource/posix-sys-resource.vcxproj"/>
		<BuildDependency Project="posix-syslog/posix-syslog.vcxproj"/>
		<BuildDependency Project="posix-termios/posix-termios.vcxproj"/>
		<BuildDependency Project="posix-time/posix-time.vcxproj"/>
		<BuildDependency Project="posix-times/posix-times.vcxproj"/>
		<BuildDependency Project="posix-types/posix-types.vcxproj"/>
		<BuildDependency Project="posix-ucontext/posix-ucontext.vcxproj"/>
		<BuildDependency Project="posix-unwind/posix-unwind.vcxproj"/>
		<BuildDependency Project="posix-utsname/posix-utsname.vcxproj"/>
		<BuildDependency Project="posix-wait/posix-wait.vcxproj"/>
		<BuildDependency Project="solaris-port/solaris-port.vcxproj"/>
		<BuildDependency Project="solaris-sys-byteorder/solaris-sys-byteorder.vcxproj"/>
		<BuildDependency Project="solaris-sys-feature-tests/solaris-sys-feature-tests.vcxproj"/>
		<BuildDependency Project="bsd-sys-cpuset/test_bsd-sys-cpuset.vcxproj"/>
		<BuildDependency Project="bsd-sys-sysctl/test_bsd-sys-sysctl.vcxproj"/>
		<BuildDependency Project="linux-sys-bitops/test_linux-sys-bitops.vcxproj"/>
		<BuildDependency Project="posix-alloca/test_posix-alloca.vcxproj"/>
		<BuildDependency Project="posix-core/test_posix-core.vcxproj"/>
		<BuildDependency Project="posix-dlfcn/test_posix-dlfcn.vcxproj"/>
		<BuildDependency Project="posix-langinfo/test_posix-langinfo.vcxproj"/>
		<BuildDependency Project="posix-libproc/test_posix-libproc.vcxproj"/>
		<BuildDependency Project="posix-mman/test_posix-mman.vcxproj"/>
		<BuildDependency Project="posix-pthread/test_posix-pthread.vcxproj"/>
		<BuildDependency Project="posix-regex/test_posix-regex.vcxproj"/>
		<BuildDependency Project="posix-signal/test_posix-signal.vcxproj"/>
		<BuildDependency Project="posix-spawn/test_posix-spawn.vcxproj"/>
		<BuildDependency Project="posix-syslog/test_posix-syslog.vcxproj"/>
		<BuildDependency Project="posix-termios/test_posix-termios.vcxproj"/>
		<BuildDependency Project="posix-time/test_posix-time.vcxproj"/>
		<BuildDependency Project="posix-times/test_posix-times.vcxproj"/>
		<BuildDependency Project="posix-types/test_posix-types.vcxproj"/>
		<BuildDependency Project="posix-unwind/test_posix-unwind.vcxproj"/>
		<BuildDependency Project="posix-utsname/test_posix-utsname.vcxproj"/>
		<BuildDependency Project="posix-wait/test_posix-wait.vcxproj"/>
		<BuildDependency Project="posix-utsname/uname.vcxproj"/>
		<BuildDependency Project="linux-epoll/wepoll.vcxproj"/>
	</Project>
	<Project Path="Continuous.vcxproj" Type="8bc9ceb8-8b4a-11d0-8d11-00a0c91bc942" Id="738c97ed-ba6c-382a-8535-d3e3cf743d9d">
		<BuildDependency Project="ZERO_CHECK.vcxproj"/>
		<Build Solution="Debug|*" Project="false"/>
		<Build Solution="Release|*" Project="false"/>
		<Build Solution="MinSizeRel|*" Project="false"/>
		<Build Solution="RelWithDebInfo|*" Project="false"/>
	</Project>
	<Project Path="Experimental.vcxproj" Type="8bc9ceb8-8b4a-11d0-8d11-00a0c91bc942" Id="02569be8-1553-348e-b3b3-8048810f5225">
		<BuildDependency Project="ZERO_CHECK.vcxproj"/>
		<Build Solution="Debug|*" Project="false"/>
		<Build Solution="Release|*" Project="false"/>
		<Build Solution="MinSizeRel|*" Project="false"/>
		<Build Solution="RelWithDebInfo|*" Project="false"/>
	</Project>
	<Project Path="Nightly.vcxproj" Type="8bc9ceb8-8b4a-11d0-8d11-00a0c91bc942" Id="9fe85561-bc0e-361a-8ccf-b45111fd8dbe">
		<BuildDependency Project="ZERO_CHECK.vcxproj"/>
		<Build Solution="Debug|*" Project="false"/>
		<Build Solution="Release|*" Project="false"/>
		<Build Solution="MinSizeRel|*" Project="false"/>
		<Build Solution="RelWithDebInfo|*" Project="false"/>
	</Project>
	<Project Path="NightlyMemoryCheck.vcxproj" Type="8bc9ceb8-8b4a-11d0-8d11-00a0c91bc942" Id="ce63a14b-32ea-3419-b46d-effcf62dd27f">
		<BuildDependency Project="ZERO_CHECK.vcxproj"/>
		<Build Solution="Debug|*" Project="false"/>
		<Build Solution="Release|*" Project="false"/>
		<Build Solution="MinSizeRel|*" Project="false"/>
		<Build Solution="RelWithDebInfo|*" Project="false"/>
	</Project>
	<Project Path="PACKAGE.vcxproj" Type="8bc9ceb8-8b4a-11d0-8d11-00a0c91bc942" Id="4a34f83a-495a-35ba-b645-cdb8126a415c">
		<BuildDependency Project="ALL_BUILD.vcxproj"/>
		<BuildDependency Project="ZERO_CHECK.vcxproj"/>
		<Build Solution="Debug|*" Project="false"/>
		<Build Solution="Release|*" Project="false"/>
		<Build Solution="MinSizeRel|*" Project="false"/>
		<Build Solution="RelWithDebInfo|*" Project="false"/>
	</Project>
	<Project Path="RUN_TESTS.vcxproj" Type="8bc9ceb8-8b4a-11d0-8d11-00a0c91bc942" Id="780fca3a-76c8-35ea-a45e-1878b4248667">
		<BuildDependency Project="ZERO_CHECK.vcxproj"/>
		<Build Solution="Debug|*" Project="false"/>
		<Build Solution="Release|*" Project="false"/>
		<Build Solution="MinSizeRel|*" Project="false"/>
		<Build Solution="RelWithDebInfo|*" Project="false"/>
	</Project>
	<Project Path="ZERO_CHECK.vcxproj" Type="8bc9ceb8-8b4a-11d0-8d11-00a0c91bc942" Id="1361d36e-1c98-3d4e-8056-e868d5fbdb72"/>
	<Project Path="auto-win-msvc.vcxproj" Type="8bc9ceb8-8b4a-11d0-8d11-00a0c91bc942" Id="360fcb8a-5fce-353f-86cb-936d78b9f7e5">
		<BuildDependency Project="ZERO_CHECK.vcxproj"/>
		<BuildDependency Project="linux-epoll/wepoll.vcxproj"/>
	</Project>
	<Project Path="bsd-machine-endian/bsd-machine-endian.vcxproj" Type="8bc9ceb8-8b4a-11d0-8d11-00a0c91bc942" Id="21698b16-e2a5-3f34-86ee-e1d5c014dafc">
		<BuildDependency Project="ZERO_CHECK.vcxproj"/>
	</Project>
	<Project Path="bsd-malloc-np/bsd-malloc-np.vcxproj" Type="8bc9ceb8-8b4a-11d0-8d11-00a0c91bc942" Id="4f221de8-25b9-372a-b504-14bdba3ce28c">
		<BuildDependency Project="ZERO_CHECK.vcxproj"/>
	</Project>
	<Project Path="bsd-pthread-np/bsd-pthread-np.vcxproj" Type="8bc9ceb8-8b4a-11d0-8d11-00a0c91bc942" Id="2e51d1ed-e577-33e0-862c-58ce94ad838c">
		<BuildDependency Project="ZERO_CHECK.vcxproj"/>
	</Project>
	<Project Path="bsd-sys-cpuset/bsd-sys-cpuset.vcxproj" Type="8bc9ceb8-8b4a-11d0-8d11-00a0c91bc942" Id="d2316bc7-1e85-3a81-9eeb-312d6f6f2eaf">
		<BuildDependency Project="ZERO_CHECK.vcxproj"/>
	</Project>
	<Project Path="bsd-sys-endian/bsd-sys-endian.vcxproj" Type="8bc9ceb8-8b4a-11d0-8d11-00a0c91bc942" Id="6472b8b0-efad-3e84-b659-b0903f926471">
		<BuildDependency Project="ZERO_CHECK.vcxproj"/>
	</Project>
	<Project Path="bsd-sys-event/bsd-sys-event.vcxproj" Type="8bc9ceb8-8b4a-11d0-8d11-00a0c91bc942" Id="dac1bf89-fa8b-339d-9873-4ef00c24c41f">
		<BuildDependency Project="ZERO_CHECK.vcxproj"/>
	</Project>
	<Project Path="bsd-sys-file/bsd-sys-file.vcxproj" Type="8bc9ceb8-8b4a-11d0-8d11-00a0c91bc942" Id="4be58e50-df60-38f9-98db-d091f20be55a">
		<BuildDependency Project="ZERO_CHECK.vcxproj"/>
	</Project>
	<Project Path="bsd-sys-param/bsd-sys-param.vcxproj" Type="8bc9ceb8-8b4a-11d0-8d11-00a0c91bc942" Id="8ae2247c-d46b-33ba-b15f-de6f41b05b40">
		<BuildDependency Project="ZERO_CHECK.vcxproj"/>
	</Project>
	<Project Path="bsd-sys-sysctl/bsd-sys-sysctl.vcxproj" Type="8bc9ceb8-8b4a-11d0-8d11-00a0c91bc942" Id="16f8b2cb-e37a-3fdd-8e2b-88acf6179393">
		<BuildDependency Project="ZERO_CHECK.vcxproj"/>
	</Project>
	<Project Path="bsd-vm-param/bsd-vm-param.vcxproj" Type="8bc9ceb8-8b4a-11d0-8d11-00a0c91bc942" Id="58f4242a-da5e-33dd-8c67-ee47bec80722">
		<BuildDependency Project="ZERO_CHECK.vcxproj"/>
		<BuildDependency Project="linux-systemd/posix-stdbool_build/posix-stdbool.vcxproj"/>
		<BuildDependency Project="linux-systemd/posix-stdint_build/posix-stdint.vcxproj"/>
	</Project>
	<Project Path="linux-backtrace/linux-backtrace.vcxproj" Type="8bc9ceb8-8b4a-11d0-8d11-00a0c91bc942" Id="63d5f9c7-9329-3a29-8d1d-5cb1b345b8a5">
		<BuildDependency Project="ZERO_CHECK.vcxproj"/>
	</Project>
	<Project Path="linux-endian/linux-endian.vcxproj" Type="8bc9ceb8-8b4a-11d0-8d11-00a0c91bc942" Id="4fc2fa4a-aa45-352c-b89f-5d47102f8e25">
		<BuildDependency Project="ZERO_CHECK.vcxproj"/>
	</Project>
	<Project Path="linux-epoll/linux-epoll.vcxproj" Type="8bc9ceb8-8b4a-11d0-8d11-00a0c91bc942" Id="63e63703-1102-35e4-875d-21f81b8c04b1">
		<BuildDependency Project="ZERO_CHECK.vcxproj"/>
		<BuildDependency Project="linux-epoll/wepoll.vcxproj"/>
	</Project>
	<Project Path="linux-execinfo/linux-execinfo.vcxproj" Type="8bc9ceb8-8b4a-11d0-8d11-00a0c91bc942" Id="adbee7ca-9668-3085-8ea1-e286c6e95e0d">
		<BuildDependency Project="ZERO_CHECK.vcxproj"/>
	</Project>
	<Project Path="linux-features/linux-features.vcxproj" Type="8bc9ceb8-8b4a-11d0-8d11-00a0c91bc942" Id="3780cba3-a5e7-33f0-a0c8-f03df67723ea">
		<BuildDependency Project="ZERO_CHECK.vcxproj"/>
	</Project>
	<Project Path="linux-getopt/linux-getopt.vcxproj" Type="8bc9ceb8-8b4a-11d0-8d11-00a0c91bc942" Id="0e0eff16-61f5-3d05-968f-fd4e5b9274a8">
		<BuildDependency Project="ZERO_CHECK.vcxproj"/>
	</Project>
	<Project Path="linux-hv-hloop/linux-hv-hloop.vcxproj" Type="8bc9ceb8-8b4a-11d0-8d11-00a0c91bc942" Id="5d768036-4276-32ff-9d63-fb5a1d34b5d7">
		<BuildDependency Project="ZERO_CHECK.vcxproj"/>
	</Project>
	<Project Path="linux-magic/linux-magic.vcxproj" Type="8bc9ceb8-8b4a-11d0-8d11-00a0c91bc942" Id="9778cbd1-021b-395a-9fe2-647a168ad740">
		<BuildDependency Project="ZERO_CHECK.vcxproj"/>
		<BuildDependency Project="linux-systemd/posix-stdbool_build/posix-stdbool.vcxproj"/>
		<BuildDependency Project="linux-systemd/posix-stdint_build/posix-stdint.vcxproj"/>
	</Project>
	<Project Path="linux-rdma/linux-rdma.vcxproj" Type="8bc9ceb8-8b4a-11d0-8d11-00a0c91bc942" Id="da5f78ea-a2d0-3e8e-af67-c5d66fd3dafc">
		<BuildDependency Project="ZERO_CHECK.vcxproj"/>
		<BuildDependency Project="linux-systemd/posix-stdbool_build/posix-stdbool.vcxproj"/>
		<BuildDependency Project="linux-systemd/posix-stdint_build/posix-stdint.vcxproj"/>
	</Project>
	<Project Path="linux-sys-bitops/linux-sys-bitops.vcxproj" Type="8bc9ceb8-8b4a-11d0-8d11-00a0c91bc942" Id="57e3db21-3ee3-3d17-83bb-38c9bda42964">
		<BuildDependency Project="ZERO_CHECK.vcxproj"/>
	</Project>
	<Project Path="linux-sys-prctl/linux-sys-prctl.vcxproj" Type="8bc9ceb8-8b4a-11d0-8d11-00a0c91bc942" Id="fbfaf217-bce7-3b45-9a5b-adaa57cf1a4d">
		<BuildDependency Project="ZERO_CHECK.vcxproj"/>
	</Project>
	<Project Path="linux-sys-procfs/linux-sys-procfs.vcxproj" Type="8bc9ceb8-8b4a-11d0-8d11-00a0c91bc942" Id="8c47388a-0f43-35af-b561-33748a666fb1">
		<BuildDependency Project="ZERO_CHECK.vcxproj"/>
	</Project>
	<Project Path="linux-sys-statfs/linux-sys-statfs.vcxproj" Type="8bc9ceb8-8b4a-11d0-8d11-00a0c91bc942" Id="7537b1f5-6e2a-3730-a6eb-647292180446">
		<BuildDependency Project="ZERO_CHECK.vcxproj"/>
	</Project>
	<Project Path="linux-sys-syscall/linux-sys-syscall.vcxproj" Type="8bc9ceb8-8b4a-11d0-8d11-00a0c91bc942" Id="cec7fed0-7fb6-335f-a607-04c0b62bd82a">
		<BuildDependency Project="ZERO_CHECK.vcxproj"/>
	</Project>
	<Project Path="linux-sys-user/linux-sys-user.vcxproj" Type="8bc9ceb8-8b4a-11d0-8d11-00a0c91bc942" Id="b23b61b5-6dc5-3f21-a85c-f52543f053e5">
		<BuildDependency Project="ZERO_CHECK.vcxproj"/>
	</Project>
	<Project Path="linux-systemd/linux-systemd.vcxproj" Type="8bc9ceb8-8b4a-11d0-8d11-00a0c91bc942" Id="18aaaf3d-2c4f-3ecb-869a-9bf6fb7a3df9">
		<BuildDependency Project="ZERO_CHECK.vcxproj"/>
		<BuildDependency Project="linux-systemd/posix-stdbool_build/posix-stdbool.vcxproj"/>
		<BuildDependency Project="linux-systemd/posix-stdint_build/posix-stdint.vcxproj"/>
	</Project>
	<Project Path="posix-alloca/posix-alloca.vcxproj" Type="8bc9ceb8-8b4a-11d0-8d11-00a0c91bc942" Id="23d92df5-250b-35b6-8688-b9f4a809b675">
		<BuildDependency Project="ZERO_CHECK.vcxproj"/>
	</Project>
	<Project Path="posix-arpa/posix-arpa.vcxproj" Type="8bc9ceb8-8b4a-11d0-8d11-00a0c91bc942" Id="9e2334b2-1f8b-3574-bd34-ca1d028999cb">
		<BuildDependency Project="ZERO_CHECK.vcxproj"/>
	</Project>
	<Project Path="posix-core/posix-core.vcxproj" Type="8bc9ceb8-8b4a-11d0-8d11-00a0c91bc942" Id="cbf10dd3-f051-3ae9-b865-e80238efb166">
		<BuildDependency Project="ZERO_CHECK.vcxproj"/>
		<BuildDependency Project="linux-epoll/linux-epoll.vcxproj"/>
		<BuildDependency Project="posix-core/posix-sockets_build/posix-poll_build/posix-poll.vcxproj"/>
		<BuildDependency Project="posix-core/posix-sockets_build/posix-sockets.vcxproj"/>
		<BuildDependency Project="posix-core/posix-sockets_build/posix-sys-ioctl_build/posix-sys-ioctl.vcxproj"/>
		<BuildDependency Project="posix-core/posix-sockets_build/posix-sys-uio_build/posix-sys-uio.vcxproj"/>
		<BuildDependency Project="linux-epoll/wepoll.vcxproj"/>
	</Project>
	<Project Path="posix-dirent/posix-dirent.vcxproj" Type="8bc9ceb8-8b4a-11d0-8d11-00a0c91bc942" Id="fa63db00-54ff-36a0-aaec-e50d1a34b43c">
		<BuildDependency Project="ZERO_CHECK.vcxproj"/>
	</Project>
	<Project Path="posix-dlfcn/posix-dlfcn.vcxproj" Type="8bc9ceb8-8b4a-11d0-8d11-00a0c91bc942" Id="56aff118-5d90-3c7b-b389-5e037b69c4e9">
		<BuildDependency Project="ZERO_CHECK.vcxproj"/>
	</Project>
	<Project Path="posix-glob/posix-glob.vcxproj" Type="8bc9ceb8-8b4a-11d0-8d11-00a0c91bc942" Id="dc5888fc-7dd6-3958-b56b-1ad8be02c0e0">
		<BuildDependency Project="ZERO_CHECK.vcxproj"/>
	</Project>
	<Project Path="posix-inttypes/posix-inttypes.vcxproj" Type="8bc9ceb8-8b4a-11d0-8d11-00a0c91bc942" Id="c793f6d1-fca4-36ed-9617-a92778dfef7d">
		<BuildDependency Project="ZERO_CHECK.vcxproj"/>
	</Project>
	<Project Path="posix-ipc/posix-ipc.vcxproj" Type="8bc9ceb8-8b4a-11d0-8d11-00a0c91bc942" Id="54ad65ba-bafe-35fd-8fb6-505afb5d7b6f">
		<BuildDependency Project="ZERO_CHECK.vcxproj"/>
	</Project>
	<Project Path="posix-langinfo/posix-langinfo.vcxproj" Type="8bc9ceb8-8b4a-11d0-8d11-00a0c91bc942" Id="c543e1fe-390c-3712-b4d6-b11a30965df5">
		<BuildDependency Project="ZERO_CHECK.vcxproj"/>
	</Project>
	<Project Path="posix-libgen/posix-libgen.vcxproj" Type="8bc9ceb8-8b4a-11d0-8d11-00a0c91bc942" Id="d65cc196-86d8-3ba7-9a56-4c526a6ab79f">
		<BuildDependency Project="ZERO_CHECK.vcxproj"/>
	</Project>
	<Project Path="posix-libproc/posix-libproc.vcxproj" Type="8bc9ceb8-8b4a-11d0-8d11-00a0c91bc942" Id="a236a3d3-def7-3144-821e-75db21414397">
		<BuildDependency Project="ZERO_CHECK.vcxproj"/>
	</Project>
	<Project Path="posix-mman/posix-mman.vcxproj" Type="8bc9ceb8-8b4a-11d0-8d11-00a0c91bc942" Id="8c611d43-ea64-3e29-8bc5-dec2402cd78d">
		<BuildDependency Project="ZERO_CHECK.vcxproj"/>
	</Project>
	<Project Path="posix-netdb/posix-netdb.vcxproj" Type="8bc9ceb8-8b4a-11d0-8d11-00a0c91bc942" Id="311be289-9a18-3ca9-8d77-fed4fb301a29">
		<BuildDependency Project="ZERO_CHECK.vcxproj"/>
	</Project>
	<Project Path="posix-netinet/posix-netinet.vcxproj" Type="8bc9ceb8-8b4a-11d0-8d11-00a0c91bc942" Id="c01c3519-6d84-3d92-bc99-9a4315002653">
		<BuildDependency Project="ZERO_CHECK.vcxproj"/>
	</Project>
	<Project Path="posix-core/posix-sockets_build/posix-poll_build/posix-poll.vcxproj" Type="8bc9ceb8-8b4a-11d0-8d11-00a0c91bc942" Id="a6d6fcca-b15a-3471-a070-620e4525caad">
		<BuildDependency Project="ZERO_CHECK.vcxproj"/>
	</Project>
	<Project Path="posix-pthread/posix-pthread.vcxproj" Type="8bc9ceb8-8b4a-11d0-8d11-00a0c91bc942" Id="b953760c-f2ed-3489-8333-6ebe587d3387">
		<BuildDependency Project="ZERO_CHECK.vcxproj"/>
	</Project>
	<Project Path="posix-pwdgrp/posix-pwdgrp.vcxproj" Type="8bc9ceb8-8b4a-11d0-8d11-00a0c91bc942" Id="b9faf7df-9c5d-31ad-9dda-11f1d929e5b0">
		<BuildDependency Project="ZERO_CHECK.vcxproj"/>
	</Project>
	<Project Path="posix-regex/posix-regex.vcxproj" Type="8bc9ceb8-8b4a-11d0-8d11-00a0c91bc942" Id="962be82b-80f9-35ff-9d69-bbfcabd07b44">
		<BuildDependency Project="ZERO_CHECK.vcxproj"/>
	</Project>
	<Project Path="posix-sched/posix-sched.vcxproj" Type="8bc9ceb8-8b4a-11d0-8d11-00a0c91bc942" Id="688a9991-0e3d-3fbb-a7cb-081283044708">
		<BuildDependency Project="ZERO_CHECK.vcxproj"/>
	</Project>
	<Project Path="posix-signal/posix-signal.vcxproj" Type="8bc9ceb8-8b4a-11d0-8d11-00a0c91bc942" Id="ff7cc16b-c68f-30a6-8217-935cb0ffa228">
		<BuildDependency Project="ZERO_CHECK.vcxproj"/>
	</Project>
	<Project Path="posix-core/posix-sockets_build/posix-sockets.vcxproj" Type="8bc9ceb8-8b4a-11d0-8d11-00a0c91bc942" Id="4a9b4c01-81d7-33cb-b2f0-085fb7c62501">
		<BuildDependency Project="ZERO_CHECK.vcxproj"/>
		<BuildDependency Project="posix-core/posix-sockets_build/posix-poll_build/posix-poll.vcxproj"/>
		<BuildDependency Project="posix-core/posix-sockets_build/posix-sys-ioctl_build/posix-sys-ioctl.vcxproj"/>
		<BuildDependency Project="posix-core/posix-sockets_build/posix-sys-uio_build/posix-sys-uio.vcxproj"/>
	</Project>
	<Project Path="posix-spawn/posix-spawn.vcxproj" Type="8bc9ceb8-8b4a-11d0-8d11-00a0c91bc942" Id="fb6b033c-f699-3b89-9dba-3c7b7d05010a">
		<BuildDependency Project="ZERO_CHECK.vcxproj"/>
	</Project>
	<Project Path="posix-stat/posix-stat.vcxproj" Type="8bc9ceb8-8b4a-11d0-8d11-00a0c91bc942" Id="cec1acfa-9a87-3289-9166-602e64c0dd2c">
		<BuildDependency Project="ZERO_CHECK.vcxproj"/>
	</Project>
	<Project Path="linux-systemd/posix-stdbool_build/posix-stdbool.vcxproj" Type="8bc9ceb8-8b4a-11d0-8d11-00a0c91bc942" Id="2e2b26b0-45c8-3eb8-bdbb-ae26ef5a7bc4">
		<BuildDependency Project="ZERO_CHECK.vcxproj"/>
	</Project>
	<Project Path="linux-systemd/posix-stdint_build/posix-stdint.vcxproj" Type="8bc9ceb8-8b4a-11d0-8d11-00a0c91bc942" Id="647ee332-c86a-3eb2-8884-08f86381712f">
		<BuildDependency Project="ZERO_CHECK.vcxproj"/>
	</Project>
	<Project Path="posix-strings/posix-strings.vcxproj" Type="8bc9ceb8-8b4a-11d0-8d11-00a0c91bc942" Id="b90efdf8-1b97-32af-8307-5e6797ff962e">
		<BuildDependency Project="ZERO_CHECK.vcxproj"/>
	</Project>
	<Project Path="posix-stropts/posix-stropts.vcxproj" Type="8bc9ceb8-8b4a-11d0-8d11-00a0c91bc942" Id="c5ba9f09-dbba-33f7-bea3-fbc5330100b0">
		<BuildDependency Project="ZERO_CHECK.vcxproj"/>
	</Project>
	<Project Path="posix-core/posix-sockets_build/posix-sys-ioctl_build/posix-sys-ioctl.vcxproj" Type="8bc9ceb8-8b4a-11d0-8d11-00a0c91bc942" Id="6897fbd6-46ca-3892-96ea-6c20223c8fe4">
		<BuildDependency Project="ZERO_CHECK.vcxproj"/>
	</Project>
	<Project Path="posix-sys-resource/posix-sys-resource.vcxproj" Type="8bc9ceb8-8b4a-11d0-8d11-00a0c91bc942" Id="50956ebc-6bd9-3812-b227-3d5715693ee4">
		<BuildDependency Project="ZERO_CHECK.vcxproj"/>
	</Project>
	<Project Path="posix-core/posix-sockets_build/posix-sys-uio_build/posix-sys-uio.vcxproj" Type="8bc9ceb8-8b4a-11d0-8d11-00a0c91bc942" Id="203f00aa-db11-398f-b3c2-50cd480d3b36">
		<BuildDependency Project="ZERO_CHECK.vcxproj"/>
	</Project>
	<Project Path="posix-syslog/posix-syslog.vcxproj" Type="8bc9ceb8-8b4a-11d0-8d11-00a0c91bc942" Id="4eecbc1c-7597-3b87-96ab-fc8394cc0a0c">
		<BuildDependency Project="ZERO_CHECK.vcxproj"/>
	</Project>
	<Project Path="posix-termios/posix-termios.vcxproj" Type="8bc9ceb8-8b4a-11d0-8d11-00a0c91bc942" Id="b8e5ec40-88fe-35fa-8a4b-417cab33030b">
		<BuildDependency Project="ZERO_CHECK.vcxproj"/>
	</Project>
	<Project Path="posix-time/posix-time.vcxproj" Type="8bc9ceb8-8b4a-11d0-8d11-00a0c91bc942" Id="9940bd1c-16fe-3965-9fef-d82841926f47">
		<BuildDependency Project="ZERO_CHECK.vcxproj"/>
	</Project>
	<Project Path="posix-times/posix-times.vcxproj" Type="8bc9ceb8-8b4a-11d0-8d11-00a0c91bc942" Id="e646910a-dece-3c15-a78c-2af05ada6c88">
		<BuildDependency Project="ZERO_CHECK.vcxproj"/>
	</Project>
	<Project Path="posix-types/posix-types.vcxproj" Type="8bc9ceb8-8b4a-11d0-8d11-00a0c91bc942" Id="ea85b4b7-cb2b-35e5-8ec1-ddaeb828406e">
		<BuildDependency Project="ZERO_CHECK.vcxproj"/>
	</Project>
	<Project Path="posix-ucontext/posix-ucontext.vcxproj" Type="8bc9ceb8-8b4a-11d0-8d11-00a0c91bc942" Id="1eb2395d-a6c4-366c-9537-fbbc71e8a697">
		<BuildDependency Project="ZERO_CHECK.vcxproj"/>
	</Project>
	<Project Path="posix-unwind/posix-unwind.vcxproj" Type="8bc9ceb8-8b4a-11d0-8d11-00a0c91bc942" Id="e2dfd72b-0f9c-3264-b3ea-830f777e6a2a">
		<BuildDependency Project="ZERO_CHECK.vcxproj"/>
	</Project>
	<Project Path="posix-utsname/posix-utsname.vcxproj" Type="8bc9ceb8-8b4a-11d0-8d11-00a0c91bc942" Id="e552adfa-cb18-3e19-8844-cae0d160324c">
		<BuildDependency Project="ZERO_CHECK.vcxproj"/>
	</Project>
	<Project Path="posix-wait/posix-wait.vcxproj" Type="8bc9ceb8-8b4a-11d0-8d11-00a0c91bc942" Id="9730831c-b47f-368e-9fa3-20214f51075c">
		<BuildDependency Project="ZERO_CHECK.vcxproj"/>
	</Project>
	<Project Path="solaris-port/solaris-port.vcxproj" Type="8bc9ceb8-8b4a-11d0-8d11-00a0c91bc942" Id="d7a4c1cb-7ce4-30ae-b51d-8a43a6808478">
		<BuildDependency Project="ZERO_CHECK.vcxproj"/>
	</Project>
	<Project Path="solaris-sys-byteorder/solaris-sys-byteorder.vcxproj" Type="8bc9ceb8-8b4a-11d0-8d11-00a0c91bc942" Id="081cc29d-3a1d-3f6a-b742-cab0f839fa2d">
		<BuildDependency Project="ZERO_CHECK.vcxproj"/>
	</Project>
	<Project Path="solaris-sys-feature-tests/solaris-sys-feature-tests.vcxproj" Type="8bc9ceb8-8b4a-11d0-8d11-00a0c91bc942" Id="a33e9680-cea3-307f-bfdc-3d8f43f288f4">
		<BuildDependency Project="ZERO_CHECK.vcxproj"/>
	</Project>
	<Project Path="bsd-sys-cpuset/test_bsd-sys-cpuset.vcxproj" Type="8bc9ceb8-8b4a-11d0-8d11-00a0c91bc942" Id="aa58563a-9d25-3bd1-adcd-fc2a2c98e597">
		<BuildDependency Project="ZERO_CHECK.vcxproj"/>
		<BuildDependency Project="bsd-sys-cpuset/bsd-sys-cpuset.vcxproj"/>
	</Project>
	<Project Path="bsd-sys-sysctl/test_bsd-sys-sysctl.vcxproj" Type="8bc9ceb8-8b4a-11d0-8d11-00a0c91bc942" Id="cc1e9004-8fd3-36b4-9e18-b3fd6eabbab9">
		<BuildDependency Project="ZERO_CHECK.vcxproj"/>
		<BuildDependency Project="bsd-sys-sysctl/bsd-sys-sysctl.vcxproj"/>
	</Project>
	<Project Path="linux-sys-bitops/test_linux-sys-bitops.vcxproj" Type="8bc9ceb8-8b4a-11d0-8d11-00a0c91bc942" Id="22f1eef3-d80d-3b9e-98ad-3d9e3e6aef28">
		<BuildDependency Project="ZERO_CHECK.vcxproj"/>
		<BuildDependency Project="linux-sys-bitops/linux-sys-bitops.vcxproj"/>
	</Project>
	<Project Path="posix-alloca/test_posix-alloca.vcxproj" Type="8bc9ceb8-8b4a-11d0-8d11-00a0c91bc942" Id="a1c80df3-420b-38ad-9609-a025db650580">
		<BuildDependency Project="ZERO_CHECK.vcxproj"/>
		<BuildDependency Project="posix-alloca/posix-alloca.vcxproj"/>
	</Project>
	<Project Path="posix-core/test_posix-core.vcxproj" Type="8bc9ceb8-8b4a-11d0-8d11-00a0c91bc942" Id="3dbed879-ce96-313c-aaf8-0fd301f60b34">
		<BuildDependency Project="ZERO_CHECK.vcxproj"/>
		<BuildDependency Project="linux-epoll/linux-epoll.vcxproj"/>
		<BuildDependency Project="posix-core/posix-core.vcxproj"/>
		<BuildDependency Project="posix-core/posix-sockets_build/posix-poll_build/posix-poll.vcxproj"/>
		<BuildDependency Project="posix-core/posix-sockets_build/posix-sockets.vcxproj"/>
		<BuildDependency Project="posix-core/posix-sockets_build/posix-sys-ioctl_build/posix-sys-ioctl.vcxproj"/>
		<BuildDependency Project="posix-core/posix-sockets_build/posix-sys-uio_build/posix-sys-uio.vcxproj"/>
		<BuildDependency Project="linux-epoll/wepoll.vcxproj"/>
	</Project>
	<Project Path="posix-dlfcn/test_posix-dlfcn.vcxproj" Type="8bc9ceb8-8b4a-11d0-8d11-00a0c91bc942" Id="84a888f8-160b-3196-88e1-88d20efcbace">
		<BuildDependency Project="ZERO_CHECK.vcxproj"/>
		<BuildDependency Project="posix-dlfcn/posix-dlfcn.vcxproj"/>
	</Project>
	<Project Path="posix-langinfo/test_posix-langinfo.vcxproj" Type="8bc9ceb8-8b4a-11d0-8d11-00a0c91bc942" Id="f4c4b16f-aea6-396b-8496-973a89789e05">
		<BuildDependency Project="ZERO_CHECK.vcxproj"/>
		<BuildDependency Project="posix-langinfo/posix-langinfo.vcxproj"/>
	</Project>
	<Project Path="posix-libproc/test_posix-libproc.vcxproj" Type="8bc9ceb8-8b4a-11d0-8d11-00a0c91bc942" Id="5385e02f-cb80-3e1f-8173-667c4d93c47e">
		<BuildDependency Project="ZERO_CHECK.vcxproj"/>
		<BuildDependency Project="posix-libproc/posix-libproc.vcxproj"/>
	</Project>
	<Project Path="posix-mman/test_posix-mman.vcxproj" Type="8bc9ceb8-8b4a-11d0-8d11-00a0c91bc942" Id="0ec13f00-9082-3f9d-a928-94e3ddad8c2d">
		<BuildDependency Project="ZERO_CHECK.vcxproj"/>
		<BuildDependency Project="posix-mman/posix-mman.vcxproj"/>
	</Project>
	<Project Path="posix-pthread/test_posix-pthread.vcxproj" Type="8bc9ceb8-8b4a-11d0-8d11-00a0c91bc942" Id="66c8e013-b9fe-3793-9cc0-b8ce278c2083">
		<BuildDependency Project="ZERO_CHECK.vcxproj"/>
		<BuildDependency Project="posix-pthread/posix-pthread.vcxproj"/>
	</Project>
	<Project Path="posix-regex/test_posix-regex.vcxproj" Type="8bc9ceb8-8b4a-11d0-8d11-00a0c91bc942" Id="f12d134d-0011-39ff-8658-d4b4e3fb6419">
		<BuildDependency Project="ZERO_CHECK.vcxproj"/>
		<BuildDependency Project="posix-regex/posix-regex.vcxproj"/>
	</Project>
	<Project Path="posix-signal/test_posix-signal.vcxproj" Type="8bc9ceb8-8b4a-11d0-8d11-00a0c91bc942" Id="957353a2-0d41-30b8-815c-1e82221a83f7">
		<BuildDependency Project="ZERO_CHECK.vcxproj"/>
		<BuildDependency Project="posix-signal/posix-signal.vcxproj"/>
	</Project>
	<Project Path="posix-spawn/test_posix-spawn.vcxproj" Type="8bc9ceb8-8b4a-11d0-8d11-00a0c91bc942" Id="3fb282e7-c14a-3c17-90f2-0635f10f6e08">
		<BuildDependency Project="ZERO_CHECK.vcxproj"/>
		<BuildDependency Project="posix-spawn/posix-spawn.vcxproj"/>
	</Project>
	<Project Path="posix-syslog/test_posix-syslog.vcxproj" Type="8bc9ceb8-8b4a-11d0-8d11-00a0c91bc942" Id="311d7a2b-620b-3b03-ab20-1657b5123dce">
		<BuildDependency Project="ZERO_CHECK.vcxproj"/>
		<BuildDependency Project="posix-syslog/posix-syslog.vcxproj"/>
	</Project>
	<Project Path="posix-termios/test_posix-termios.vcxproj" Type="8bc9ceb8-8b4a-11d0-8d11-00a0c91bc942" Id="cf3b4184-2d30-3fd1-a418-0d65b2703395">
		<BuildDependency Project="ZERO_CHECK.vcxproj"/>
		<BuildDependency Project="posix-termios/posix-termios.vcxproj"/>
	</Project>
	<Project Path="posix-time/test_posix-time.vcxproj" Type="8bc9ceb8-8b4a-11d0-8d11-00a0c91bc942" Id="10e5aeaf-717b-33ae-bdda-72d84262b95e">
		<BuildDependency Project="ZERO_CHECK.vcxproj"/>
		<BuildDependency Project="posix-time/posix-time.vcxproj"/>
	</Project>
	<Project Path="posix-times/test_posix-times.vcxproj" Type="8bc9ceb8-8b4a-11d0-8d11-00a0c91bc942" Id="69da802e-f366-38da-8cf9-0f9ca5931b0d">
		<BuildDependency Project="ZERO_CHECK.vcxproj"/>
		<BuildDependency Project="posix-times/posix-times.vcxproj"/>
	</Project>
	<Project Path="posix-types/test_posix-types.vcxproj" Type="8bc9ceb8-8b4a-11d0-8d11-00a0c91bc942" Id="afefbd9c-6828-311e-ae4d-fe4f0d2f11c9">
		<BuildDependency Project="ZERO_CHECK.vcxproj"/>
		<BuildDependency Project="posix-types/posix-types.vcxproj"/>
	</Project>
	<Project Path="posix-unwind/test_posix-unwind.vcxproj" Type="8bc9ceb8-8b4a-11d0-8d11-00a0c91bc942" Id="55cc416f-45a2-3a0a-9655-302db79c8196">
		<BuildDependency Project="ZERO_CHECK.vcxproj"/>
		<BuildDependency Project="posix-unwind/posix-unwind.vcxproj"/>
	</Project>
	<Project Path="posix-utsname/test_posix-utsname.vcxproj" Type="8bc9ceb8-8b4a-11d0-8d11-00a0c91bc942" Id="19429d85-d7a4-32e1-812d-d3f443387097">
		<BuildDependency Project="ZERO_CHECK.vcxproj"/>
		<BuildDependency Project="posix-utsname/posix-utsname.vcxproj"/>
	</Project>
	<Project Path="posix-wait/test_posix-wait.vcxproj" Type="8bc9ceb8-8b4a-11d0-8d11-00a0c91bc942" Id="fa90afa8-a42a-3472-b2bc-7bc729f74e86">
		<BuildDependency Project="ZERO_CHECK.vcxproj"/>
		<BuildDependency Project="posix-wait/posix-wait.vcxproj"/>
	</Project>
	<Project Path="posix-utsname/uname.vcxproj" Type="8bc9ceb8-8b4a-11d0-8d11-00a0c91bc942" Id="380a6141-b957-320d-8c71-4ab40e5aa96d">
		<BuildDependency Project="ZERO_CHECK.vcxproj"/>
		<BuildDependency Project="posix-utsname/posix-utsname.vcxproj"/>
	</Project>
	<Project Path="linux-epoll/wepoll.vcxproj" Type="8bc9ceb8-8b4a-11d0-8d11-00a0c91bc942" Id="49ec4789-e93c-3ff0-8247-259dccf73b9c">
		<BuildDependency Project="ZERO_CHECK.vcxproj"/>
	</Project>
</Solution>
