
Microsoft Visual Studio Solution File, Format Version 12.00
# Visual Studio Version 17
Project("{8BC9CEB8-8B4A-11D0-8D11-00A0C91BC942}") = "ALL_BUILD", "ALL_BUILD.vcxproj", "{0784964E-94E2-3D53-A795-9C171FC82A2A}"
	ProjectSection(ProjectDependencies) = postProject
		{127A57FB-5FE0-3E95-88E7-8FD95738A886} = {127A57FB-5FE0-3E95-88E7-8FD95738A886}
		{BBDE4CA0-2862-3213-9E13-C914C73CE736} = {BBDE4CA0-2862-3213-9E13-C914C73CE736}
		{3F1A8263-5BB7-387B-A127-2528D81F74B7} = {3F1A8263-5BB7-387B-A127-2528D81F74B7}
	EndProjectSection
EndProject
Project("{8BC9CEB8-8B4A-11D0-8D11-00A0C91BC942}") = "PACKAGE", "PACKAGE.vcxproj", "{B11CAA45-6F48-3F49-BEC0-E4108AB797A3}"
	ProjectSection(ProjectDependencies) = postProject
		{0784964E-94E2-3D53-A795-9C171FC82A2A} = {0784964E-94E2-3D53-A795-9C171FC82A2A}
		{127A57FB-5FE0-3E95-88E7-8FD95738A886} = {127A57FB-5FE0-3E95-88E7-8FD95738A886}
	EndProjectSection
EndProject
Project("{8BC9CEB8-8B4A-11D0-8D11-00A0C91BC942}") = "RUN_TESTS", "RUN_TESTS.vcxproj", "{F5F13BAD-7845-38EB-8814-11441EF4D7A3}"
	ProjectSection(ProjectDependencies) = postProject
		{127A57FB-5FE0-3E95-88E7-8FD95738A886} = {127A57FB-5FE0-3E95-88E7-8FD95738A886}
	EndProjectSection
EndProject
Project("{8BC9CEB8-8B4A-11D0-8D11-00A0C91BC942}") = "ZERO_CHECK", "..\..\ZERO_CHECK.vcxproj", "{127A57FB-5FE0-3E95-88E7-8FD95738A886}"
	ProjectSection(ProjectDependencies) = postProject
	EndProjectSection
EndProject
Project("{8BC9CEB8-8B4A-11D0-8D11-00A0C91BC942}") = "posix-poll", "posix-poll_build\posix-poll.vcxproj", "{9F829869-9083-3C15-99B4-CF315D9B8050}"
	ProjectSection(ProjectDependencies) = postProject
		{127A57FB-5FE0-3E95-88E7-8FD95738A886} = {127A57FB-5FE0-3E95-88E7-8FD95738A886}
	EndProjectSection
EndProject
Project("{8BC9CEB8-8B4A-11D0-8D11-00A0C91BC942}") = "posix-sockets", "posix-sockets.vcxproj", "{BBDE4CA0-2862-3213-9E13-C914C73CE736}"
	ProjectSection(ProjectDependencies) = postProject
		{127A57FB-5FE0-3E95-88E7-8FD95738A886} = {127A57FB-5FE0-3E95-88E7-8FD95738A886}
		{9F829869-9083-3C15-99B4-CF315D9B8050} = {9F829869-9083-3C15-99B4-CF315D9B8050}
		{AAC744DB-5121-3A40-8BBA-D17527E3C0AF} = {AAC744DB-5121-3A40-8BBA-D17527E3C0AF}
		{3F1A8263-5BB7-387B-A127-2528D81F74B7} = {3F1A8263-5BB7-387B-A127-2528D81F74B7}
	EndProjectSection
EndProject
Project("{8BC9CEB8-8B4A-11D0-8D11-00A0C91BC942}") = "posix-sys-ioctl", "posix-sys-ioctl_build\posix-sys-ioctl.vcxproj", "{AAC744DB-5121-3A40-8BBA-D17527E3C0AF}"
	ProjectSection(ProjectDependencies) = postProject
		{127A57FB-5FE0-3E95-88E7-8FD95738A886} = {127A57FB-5FE0-3E95-88E7-8FD95738A886}
	EndProjectSection
EndProject
Project("{8BC9CEB8-8B4A-11D0-8D11-00A0C91BC942}") = "posix-sys-uio", "posix-sys-uio_build\posix-sys-uio.vcxproj", "{3F1A8263-5BB7-387B-A127-2528D81F74B7}"
	ProjectSection(ProjectDependencies) = postProject
		{127A57FB-5FE0-3E95-88E7-8FD95738A886} = {127A57FB-5FE0-3E95-88E7-8FD95738A886}
	EndProjectSection
EndProject
Global
	GlobalSection(SolutionConfigurationPlatforms) = preSolution
		Debug|x64 = Debug|x64
		Release|x64 = Release|x64
		MinSizeRel|x64 = MinSizeRel|x64
		RelWithDebInfo|x64 = RelWithDebInfo|x64
	EndGlobalSection
	GlobalSection(ProjectConfigurationPlatforms) = postSolution
		{0784964E-94E2-3D53-A795-9C171FC82A2A}.Debug|x64.ActiveCfg = Debug|x64
		{0784964E-94E2-3D53-A795-9C171FC82A2A}.Debug|x64.Build.0 = Debug|x64
		{0784964E-94E2-3D53-A795-9C171FC82A2A}.Release|x64.ActiveCfg = Release|x64
		{0784964E-94E2-3D53-A795-9C171FC82A2A}.Release|x64.Build.0 = Release|x64
		{0784964E-94E2-3D53-A795-9C171FC82A2A}.MinSizeRel|x64.ActiveCfg = MinSizeRel|x64
		{0784964E-94E2-3D53-A795-9C171FC82A2A}.MinSizeRel|x64.Build.0 = MinSizeRel|x64
		{0784964E-94E2-3D53-A795-9C171FC82A2A}.RelWithDebInfo|x64.ActiveCfg = RelWithDebInfo|x64
		{0784964E-94E2-3D53-A795-9C171FC82A2A}.RelWithDebInfo|x64.Build.0 = RelWithDebInfo|x64
		{B11CAA45-6F48-3F49-BEC0-E4108AB797A3}.Debug|x64.ActiveCfg = Debug|x64
		{B11CAA45-6F48-3F49-BEC0-E4108AB797A3}.Release|x64.ActiveCfg = Release|x64
		{B11CAA45-6F48-3F49-BEC0-E4108AB797A3}.MinSizeRel|x64.ActiveCfg = MinSizeRel|x64
		{B11CAA45-6F48-3F49-BEC0-E4108AB797A3}.RelWithDebInfo|x64.ActiveCfg = RelWithDebInfo|x64
		{F5F13BAD-7845-38EB-8814-11441EF4D7A3}.Debug|x64.ActiveCfg = Debug|x64
		{F5F13BAD-7845-38EB-8814-11441EF4D7A3}.Release|x64.ActiveCfg = Release|x64
		{F5F13BAD-7845-38EB-8814-11441EF4D7A3}.MinSizeRel|x64.ActiveCfg = MinSizeRel|x64
		{F5F13BAD-7845-38EB-8814-11441EF4D7A3}.RelWithDebInfo|x64.ActiveCfg = RelWithDebInfo|x64
		{127A57FB-5FE0-3E95-88E7-8FD95738A886}.Debug|x64.ActiveCfg = Debug|x64
		{127A57FB-5FE0-3E95-88E7-8FD95738A886}.Debug|x64.Build.0 = Debug|x64
		{127A57FB-5FE0-3E95-88E7-8FD95738A886}.Release|x64.ActiveCfg = Release|x64
		{127A57FB-5FE0-3E95-88E7-8FD95738A886}.Release|x64.Build.0 = Release|x64
		{127A57FB-5FE0-3E95-88E7-8FD95738A886}.MinSizeRel|x64.ActiveCfg = MinSizeRel|x64
		{127A57FB-5FE0-3E95-88E7-8FD95738A886}.MinSizeRel|x64.Build.0 = MinSizeRel|x64
		{127A57FB-5FE0-3E95-88E7-8FD95738A886}.RelWithDebInfo|x64.ActiveCfg = RelWithDebInfo|x64
		{127A57FB-5FE0-3E95-88E7-8FD95738A886}.RelWithDebInfo|x64.Build.0 = RelWithDebInfo|x64
		{9F829869-9083-3C15-99B4-CF315D9B8050}.Debug|x64.ActiveCfg = Debug|x64
		{9F829869-9083-3C15-99B4-CF315D9B8050}.Debug|x64.Build.0 = Debug|x64
		{9F829869-9083-3C15-99B4-CF315D9B8050}.Release|x64.ActiveCfg = Release|x64
		{9F829869-9083-3C15-99B4-CF315D9B8050}.Release|x64.Build.0 = Release|x64
		{9F829869-9083-3C15-99B4-CF315D9B8050}.MinSizeRel|x64.ActiveCfg = MinSizeRel|x64
		{9F829869-9083-3C15-99B4-CF315D9B8050}.MinSizeRel|x64.Build.0 = MinSizeRel|x64
		{9F829869-9083-3C15-99B4-CF315D9B8050}.RelWithDebInfo|x64.ActiveCfg = RelWithDebInfo|x64
		{9F829869-9083-3C15-99B4-CF315D9B8050}.RelWithDebInfo|x64.Build.0 = RelWithDebInfo|x64
		{BBDE4CA0-2862-3213-9E13-C914C73CE736}.Debug|x64.ActiveCfg = Debug|x64
		{BBDE4CA0-2862-3213-9E13-C914C73CE736}.Debug|x64.Build.0 = Debug|x64
		{BBDE4CA0-2862-3213-9E13-C914C73CE736}.Release|x64.ActiveCfg = Release|x64
		{BBDE4CA0-2862-3213-9E13-C914C73CE736}.Release|x64.Build.0 = Release|x64
		{BBDE4CA0-2862-3213-9E13-C914C73CE736}.MinSizeRel|x64.ActiveCfg = MinSizeRel|x64
		{BBDE4CA0-2862-3213-9E13-C914C73CE736}.MinSizeRel|x64.Build.0 = MinSizeRel|x64
		{BBDE4CA0-2862-3213-9E13-C914C73CE736}.RelWithDebInfo|x64.ActiveCfg = RelWithDebInfo|x64
		{BBDE4CA0-2862-3213-9E13-C914C73CE736}.RelWithDebInfo|x64.Build.0 = RelWithDebInfo|x64
		{AAC744DB-5121-3A40-8BBA-D17527E3C0AF}.Debug|x64.ActiveCfg = Debug|x64
		{AAC744DB-5121-3A40-8BBA-D17527E3C0AF}.Debug|x64.Build.0 = Debug|x64
		{AAC744DB-5121-3A40-8BBA-D17527E3C0AF}.Release|x64.ActiveCfg = Release|x64
		{AAC744DB-5121-3A40-8BBA-D17527E3C0AF}.Release|x64.Build.0 = Release|x64
		{AAC744DB-5121-3A40-8BBA-D17527E3C0AF}.MinSizeRel|x64.ActiveCfg = MinSizeRel|x64
		{AAC744DB-5121-3A40-8BBA-D17527E3C0AF}.MinSizeRel|x64.Build.0 = MinSizeRel|x64
		{AAC744DB-5121-3A40-8BBA-D17527E3C0AF}.RelWithDebInfo|x64.ActiveCfg = RelWithDebInfo|x64
		{AAC744DB-5121-3A40-8BBA-D17527E3C0AF}.RelWithDebInfo|x64.Build.0 = RelWithDebInfo|x64
		{3F1A8263-5BB7-387B-A127-2528D81F74B7}.Debug|x64.ActiveCfg = Debug|x64
		{3F1A8263-5BB7-387B-A127-2528D81F74B7}.Debug|x64.Build.0 = Debug|x64
		{3F1A8263-5BB7-387B-A127-2528D81F74B7}.Release|x64.ActiveCfg = Release|x64
		{3F1A8263-5BB7-387B-A127-2528D81F74B7}.Release|x64.Build.0 = Release|x64
		{3F1A8263-5BB7-387B-A127-2528D81F74B7}.MinSizeRel|x64.ActiveCfg = MinSizeRel|x64
		{3F1A8263-5BB7-387B-A127-2528D81F74B7}.MinSizeRel|x64.Build.0 = MinSizeRel|x64
		{3F1A8263-5BB7-387B-A127-2528D81F74B7}.RelWithDebInfo|x64.ActiveCfg = RelWithDebInfo|x64
		{3F1A8263-5BB7-387B-A127-2528D81F74B7}.RelWithDebInfo|x64.Build.0 = RelWithDebInfo|x64
	EndGlobalSection
	GlobalSection(ExtensibilityGlobals) = postSolution
		SolutionGuid = {6CFF5490-4386-35A7-B515-7FBDA7084144}
	EndGlobalSection
	GlobalSection(ExtensibilityAddIns) = postSolution
	EndGlobalSection
EndGlobal
