<?xml version="1.0" encoding="UTF-8"?>
<Solution>
	<Configurations>
		<BuildType Name="Debug"/>
		<BuildType Name="Release"/>
		<BuildType Name="MinSizeRel"/>
		<BuildType Name="RelWithDebInfo"/>
		<Platform Name="x64"/>
	</Configurations>
	<Project Path="ALL_BUILD.vcxproj" Type="8bc9ceb8-8b4a-11d0-8d11-00a0c91bc942" Id="57804fd1-460c-33e6-bdd6-5e7a7d5045e8" DefaultStartup="true">
		<BuildDependency Project="../ZERO_CHECK.vcxproj"/>
		<BuildDependency Project="bsd-sys-event.vcxproj"/>
	</Project>
	<Project Path="PACKAGE.vcxproj" Type="8bc9ceb8-8b4a-11d0-8d11-00a0c91bc942" Id="3319172e-f7ef-3384-b8bf-e9b780249436">
		<BuildDependency Project="ALL_BUILD.vcxproj"/>
		<BuildDependency Project="../ZERO_CHECK.vcxproj"/>
		<Build Solution="Debug|*" Project="false"/>
		<Build Solution="Release|*" Project="false"/>
		<Build Solution="MinSizeRel|*" Project="false"/>
		<Build Solution="RelWithDebInfo|*" Project="false"/>
	</Project>
	<Project Path="RUN_TESTS.vcxproj" Type="8bc9ceb8-8b4a-11d0-8d11-00a0c91bc942" Id="6fedc378-bc81-3b82-bcd0-75a371db277f">
		<BuildDependency Project="../ZERO_CHECK.vcxproj"/>
		<Build Solution="Debug|*" Project="false"/>
		<Build Solution="Release|*" Project="false"/>
		<Build Solution="MinSizeRel|*" Project="false"/>
		<Build Solution="RelWithDebInfo|*" Project="false"/>
	</Project>
	<Project Path="../ZERO_CHECK.vcxproj" Type="8bc9ceb8-8b4a-11d0-8d11-00a0c91bc942" Id="455c9f29-f455-34fc-aa78-ce5f33416c71"/>
	<Project Path="bsd-sys-event.vcxproj" Type="8bc9ceb8-8b4a-11d0-8d11-00a0c91bc942" Id="fa74d5c5-8bb8-34de-a121-078ff1853c3d">
		<BuildDependency Project="../ZERO_CHECK.vcxproj"/>
	</Project>
</Solution>
