<?xml version="1.0" encoding="utf-8"?>
<Project ToolsVersion="17.0" xmlns="http://schemas.microsoft.com/developer/msbuild/2003">
  <ItemGroup>
    <CustomBuild Include="C:\Users\samue\repos\auto-win-msvc\build_msvc2022_shared\CMakeFiles\64a2c1f4b648e90641e2b7e9476c634f\PACKAGE_force.rule">
      <Filter>CMake Rules</Filter>
    </CustomBuild>
  </ItemGroup>
  <ItemGroup>
    <Filter Include="CMake Rules">
      <UniqueIdentifier>{6A1918F4-A3B9-35A1-8E0C-EEC70CD42C9F}</UniqueIdentifier>
    </Filter>
  </ItemGroup>
</Project>
